// !$*UTF8*$!
{
	archiveVersion = 1;
	classes = {
	};
	objectVersion = 51;
	objects = {

/* Begin PBXBuildFile section */
		003A77A2E11520F9038CD7E0 /* MovieDetailPage.swift in Sources */ = {isa = PBXBuildFile; fileRef = D4D224DD8896BC0368816053 /* MovieDetailPage.swift */; };
		0413865A55A886125F10E54C /* AppDelegate.swift in Sources */ = {isa = PBXBuildFile; fileRef = 37A6874F17F70C8E5EDF84F5 /* AppDelegate.swift */; };
		18CA358FABAC2BC661161084 /* ShowcasePage.swift in Sources */ = {isa = PBXBuildFile; fileRef = 8E5AB757E97B27DC9D7A96E5 /* ShowcasePage.swift */; };
		22B1EFFA1478D324171D5E75 /* MovieDBServiceMock.swift in Sources */ = {isa = PBXBuildFile; fileRef = 895CD000DCB5854C20C39119 /* MovieDBServiceMock.swift */; };
		2563030F0667D6982675CC0D /* PagedResponse.swift in Sources */ = {isa = PBXBuildFile; fileRef = 8AC5A16C0EDE1832418D3B44 /* PagedResponse.swift */; };
		2A64A442C817832C7117EB71 /* MovieDBService.swift in Sources */ = {isa = PBXBuildFile; fileRef = 54EF0AE0F7D802B4683AD207 /* MovieDBService.swift */; };
		2C4C4451732A07DAEFC77B2B /* NetworkImageSize.swift in Sources */ = {isa = PBXBuildFile; fileRef = 2AE6CAB1515CCDEDECEC3A1E /* NetworkImageSize.swift */; };
		36B24AEDD5199A51EE335F89 /* IndexPage.swift in Sources */ = {isa = PBXBuildFile; fileRef = D069A011D27489BADCA6B8C6 /* IndexPage.swift */; };
		3E9E4DA44DA2932FF3808619 /* Dependency.swift in Sources */ = {isa = PBXBuildFile; fileRef = 1117F627EF5B370FD8AEA502 /* Dependency.swift */; };
		43FD37F20C5A05C1144D0B71 /* SceneDelegate.swift in Sources */ = {isa = PBXBuildFile; fileRef = 6CD5F67CEEAFE74811B93864 /* SceneDelegate.swift */; };
		528D9EB2F42500C40019B919 /* UseTopRatedMoviesViewModel.swift in Sources */ = {isa = PBXBuildFile; fileRef = F6B3D3D179C2DD7456748DBF /* UseTopRatedMoviesViewModel.swift */; };
		5A4EADB7439DD4B566DBC1FF /* Movie.swift in Sources */ = {isa = PBXBuildFile; fileRef = E1B5863034D96951456EB762 /* Movie.swift */; };
		5B2A5E7A0AA463A0BF685F71 /* UseTopRatedMoviesViewModelTests.swift in Sources */ = {isa = PBXBuildFile; fileRef = 20A38A9D88C5F0D2B9CCAC13 /* UseTopRatedMoviesViewModelTests.swift */; };
		6691B8C3D71144F41A10F4A6 /* App.swift in Sources */ = {isa = PBXBuildFile; fileRef = 5EE16AC7E6A5C62C32868DDE /* App.swift */; };
		6A02D8B46D57AC38182801BD /* TopRatedMoviesPage.swift in Sources */ = {isa = PBXBuildFile; fileRef = A233EB4C5891C4899B737ACF /* TopRatedMoviesPage.swift */; };
		6D12AF83FE5819A0FB9DAF67 /* Hooks in Frameworks */ = {isa = PBXBuildFile; productRef = 67B6AA93812DC6CCCF54CE3E /* Hooks */; };
		6DE1299BBC7DD2E116FAE982 /* App.swift in Sources */ = {isa = PBXBuildFile; fileRef = B5CDB321485B19447B2E5863 /* App.swift */; };
		8E4174CA12184B89C04932C3 /* APIRequestPage.swift in Sources */ = {isa = PBXBuildFile; fileRef = C56139636BCE9E6B7A5A1CF0 /* APIRequestPage.swift */; };
		9A21001120896DD74A77368A /* TodoPage.swift in Sources */ = {isa = PBXBuildFile; fileRef = A01793F321BFB68D18E27818 /* TodoPage.swift */; };
		A9E31B44F7E151BD8F7A3CD8 /* Hooks in Frameworks */ = {isa = PBXBuildFile; productRef = FD40812DAB4C1F5B720757F7 /* Hooks */; };
		C078F002FB29736B800B3774 /* CounterPage.swift in Sources */ = {isa = PBXBuildFile; fileRef = 94D8757F265C5526C297EFDB /* CounterPage.swift */; };
		DCDC2A61345B88907286B20C /* SimpleUITests.swift in Sources */ = {isa = PBXBuildFile; fileRef = 03B06DA75E791F7A1E0B6542 /* SimpleUITests.swift */; };
		E404ADC8590A7823470D6488 /* UseMovieImageTests.swift in Sources */ = {isa = PBXBuildFile; fileRef = 5A76A9D3B40580BCF4FEE209 /* UseMovieImageTests.swift */; };
		EA448C9AEC5C0557A2D7E5AE /* UseMovieImage.swift in Sources */ = {isa = PBXBuildFile; fileRef = 5810E9F25406110219E85558 /* UseMovieImage.swift */; };
		FD3C5671D1D418C83F942AD1 /* Hooks in Frameworks */ = {isa = PBXBuildFile; productRef = 730FC334EE87751624C20337 /* Hooks */; };
/* End PBXBuildFile section */

/* Begin PBXContainerItemProxy section */
		4B357514BD0590074B5DD989 /* PBXContainerItemProxy */ = {
			isa = PBXContainerItemProxy;
			containerPortal = 604281A06A1DE9F942BCBA73 /* Project object */;
			proxyType = 1;
			remoteGlobalIDString = 1BE56B92EC9A6D5640796206;
			remoteInfo = "TheMovieDB-MVVM";
		};
		6923F5616464B67B11D5420D /* PBXContainerItemProxy */ = {
			isa = PBXContainerItemProxy;
			containerPortal = 604281A06A1DE9F942BCBA73 /* Project object */;
			proxyType = 1;
			remoteGlobalIDString = 25301600C3492D579FE1E91C;
			remoteInfo = Todo;
		};
/* End PBXContainerItemProxy section */

/* Begin PBXFileReference section */
		03B06DA75E791F7A1E0B6542 /* SimpleUITests.swift */ = {isa = PBXFileReference; lastKnownFileType = sourcecode.swift; path = SimpleUITests.swift; sourceTree = "<group>"; };
		1117F627EF5B370FD8AEA502 /* Dependency.swift */ = {isa = PBXFileReference; lastKnownFileType = sourcecode.swift; path = Dependency.swift; sourceTree = "<group>"; };
		1AABBBF7596FB58F4051F423 /* Info.plist */ = {isa = PBXFileReference; lastKnownFileType = text.plist; path = Info.plist; sourceTree = "<group>"; };
		20A38A9D88C5F0D2B9CCAC13 /* UseTopRatedMoviesViewModelTests.swift */ = {isa = PBXFileReference; lastKnownFileType = sourcecode.swift; path = UseTopRatedMoviesViewModelTests.swift; sourceTree = "<group>"; };
		2AE6CAB1515CCDEDECEC3A1E /* NetworkImageSize.swift */ = {isa = PBXFileReference; lastKnownFileType = sourcecode.swift; path = NetworkImageSize.swift; sourceTree = "<group>"; };
		2D5F81DFBD08056D0FD7F5BD /* TheMovieDB-MVVM-Tests.xctest */ = {isa = PBXFileReference; includeInIndex = 0; lastKnownFileType = wrapper.cfbundle; path = "TheMovieDB-MVVM-Tests.xctest"; sourceTree = BUILT_PRODUCTS_DIR; };
		37A6874F17F70C8E5EDF84F5 /* AppDelegate.swift */ = {isa = PBXFileReference; lastKnownFileType = sourcecode.swift; path = AppDelegate.swift; sourceTree = "<group>"; };
		54EF0AE0F7D802B4683AD207 /* MovieDBService.swift */ = {isa = PBXFileReference; lastKnownFileType = sourcecode.swift; path = MovieDBService.swift; sourceTree = "<group>"; };
		5810E9F25406110219E85558 /* UseMovieImage.swift */ = {isa = PBXFileReference; lastKnownFileType = sourcecode.swift; path = UseMovieImage.swift; sourceTree = "<group>"; };
		5A76A9D3B40580BCF4FEE209 /* UseMovieImageTests.swift */ = {isa = PBXFileReference; lastKnownFileType = sourcecode.swift; path = UseMovieImageTests.swift; sourceTree = "<group>"; };
		5D7A73D3A88005D39142AA01 /* Info.plist */ = {isa = PBXFileReference; lastKnownFileType = text.plist; path = Info.plist; sourceTree = "<group>"; };
		5EE16AC7E6A5C62C32868DDE /* App.swift */ = {isa = PBXFileReference; lastKnownFileType = sourcecode.swift; path = App.swift; sourceTree = "<group>"; };
		65ED06BAB6A47DBDBE4B7D43 /* Info.plist */ = {isa = PBXFileReference; lastKnownFileType = text.plist; path = Info.plist; sourceTree = "<group>"; };
		68BC43055108D13B0F54B8D4 /* swiftui-hooks */ = {isa = PBXFileReference; lastKnownFileType = folder; name = "swiftui-hooks"; path = ..; sourceTree = SOURCE_ROOT; };
		6CD5F67CEEAFE74811B93864 /* SceneDelegate.swift */ = {isa = PBXFileReference; lastKnownFileType = sourcecode.swift; path = SceneDelegate.swift; sourceTree = "<group>"; };
		803EE7E5F67D8627C8A11060 /* Info.plist */ = {isa = PBXFileReference; lastKnownFileType = text.plist; path = Info.plist; sourceTree = "<group>"; };
		86069121E82E72BAE07609D9 /* BasicUsage.app */ = {isa = PBXFileReference; includeInIndex = 0; lastKnownFileType = wrapper.application; path = BasicUsage.app; sourceTree = BUILT_PRODUCTS_DIR; };
		895CD000DCB5854C20C39119 /* MovieDBServiceMock.swift */ = {isa = PBXFileReference; lastKnownFileType = sourcecode.swift; path = MovieDBServiceMock.swift; sourceTree = "<group>"; };
		8AC5A16C0EDE1832418D3B44 /* PagedResponse.swift */ = {isa = PBXFileReference; lastKnownFileType = sourcecode.swift; path = PagedResponse.swift; sourceTree = "<group>"; };
		8E5AB757E97B27DC9D7A96E5 /* ShowcasePage.swift */ = {isa = PBXFileReference; lastKnownFileType = sourcecode.swift; path = ShowcasePage.swift; sourceTree = "<group>"; };
		94D8757F265C5526C297EFDB /* CounterPage.swift */ = {isa = PBXFileReference; lastKnownFileType = sourcecode.swift; path = CounterPage.swift; sourceTree = "<group>"; };
		959951B8FA9CB35BA897D008 /* TheMovieDB-MVVM.app */ = {isa = PBXFileReference; includeInIndex = 0; lastKnownFileType = wrapper.application; path = "TheMovieDB-MVVM.app"; sourceTree = BUILT_PRODUCTS_DIR; };
		A01793F321BFB68D18E27818 /* TodoPage.swift */ = {isa = PBXFileReference; lastKnownFileType = sourcecode.swift; path = TodoPage.swift; sourceTree = "<group>"; };
		A233EB4C5891C4899B737ACF /* TopRatedMoviesPage.swift */ = {isa = PBXFileReference; lastKnownFileType = sourcecode.swift; path = TopRatedMoviesPage.swift; sourceTree = "<group>"; };
		A80807CB4E7902470EE2CF4E /* Todo.app */ = {isa = PBXFileReference; includeInIndex = 0; lastKnownFileType = wrapper.application; path = Todo.app; sourceTree = BUILT_PRODUCTS_DIR; };
		B5CDB321485B19447B2E5863 /* App.swift */ = {isa = PBXFileReference; lastKnownFileType = sourcecode.swift; path = App.swift; sourceTree = "<group>"; };
		C56139636BCE9E6B7A5A1CF0 /* APIRequestPage.swift */ = {isa = PBXFileReference; lastKnownFileType = sourcecode.swift; path = APIRequestPage.swift; sourceTree = "<group>"; };
		C9F47469489E2AC56001C720 /* Info.plist */ = {isa = PBXFileReference; lastKnownFileType = text.plist; path = Info.plist; sourceTree = "<group>"; };
		D069A011D27489BADCA6B8C6 /* IndexPage.swift */ = {isa = PBXFileReference; lastKnownFileType = sourcecode.swift; path = IndexPage.swift; sourceTree = "<group>"; };
		D4D224DD8896BC0368816053 /* MovieDetailPage.swift */ = {isa = PBXFileReference; lastKnownFileType = sourcecode.swift; path = MovieDetailPage.swift; sourceTree = "<group>"; };
		E1B5863034D96951456EB762 /* Movie.swift */ = {isa = PBXFileReference; lastKnownFileType = sourcecode.swift; path = Movie.swift; sourceTree = "<group>"; };
		EC5E3D08FA8414516FB398A3 /* Todo-UITests.xctest */ = {isa = PBXFileReference; includeInIndex = 0; lastKnownFileType = wrapper.cfbundle; path = "Todo-UITests.xctest"; sourceTree = BUILT_PRODUCTS_DIR; };
		F6B3D3D179C2DD7456748DBF /* UseTopRatedMoviesViewModel.swift */ = {isa = PBXFileReference; lastKnownFileType = sourcecode.swift; path = UseTopRatedMoviesViewModel.swift; sourceTree = "<group>"; };
/* End PBXFileReference section */

/* Begin PBXFrameworksBuildPhase section */
		1831BB6C59E429FB5A0D6A0A /* Frameworks */ = {
			isa = PBXFrameworksBuildPhase;
			buildActionMask = 2147483647;
			files = (
				FD3C5671D1D418C83F942AD1 /* Hooks in Frameworks */,
			);
			runOnlyForDeploymentPostprocessing = 0;
		};
		6F41F620A6A0667778CD7BD6 /* Frameworks */ = {
			isa = PBXFrameworksBuildPhase;
			buildActionMask = 2147483647;
			files = (
				A9E31B44F7E151BD8F7A3CD8 /* Hooks in Frameworks */,
			);
			runOnlyForDeploymentPostprocessing = 0;
		};
		72D9833593100532CFD53CB4 /* Frameworks */ = {
			isa = PBXFrameworksBuildPhase;
			buildActionMask = 2147483647;
			files = (
				6D12AF83FE5819A0FB9DAF67 /* Hooks in Frameworks */,
			);
			runOnlyForDeploymentPostprocessing = 0;
		};
/* End PBXFrameworksBuildPhase section */

/* Begin PBXGroup section */
		06B80C27EF3E33D3E9A9F29F /* Pages */ = {
			isa = PBXGroup;
			children = (
				D4D224DD8896BC0368816053 /* MovieDetailPage.swift */,
				A233EB4C5891C4899B737ACF /* TopRatedMoviesPage.swift */,
			);
			path = Pages;
			sourceTree = "<group>";
		};
		1C54E82AAAA2004F80EE1845 /* TheMovieDB-MVVM */ = {
			isa = PBXGroup;
			children = (
				B5CDB321485B19447B2E5863 /* App.swift */,
				1117F627EF5B370FD8AEA502 /* Dependency.swift */,
				65ED06BAB6A47DBDBE4B7D43 /* Info.plist */,
				54EF0AE0F7D802B4683AD207 /* MovieDBService.swift */,
				39A7B424827F1E8371593245 /* CustomHooks */,
				75EDD3CCD230721B3E6BAB29 /* Entity */,
				06B80C27EF3E33D3E9A9F29F /* Pages */,
			);
			path = "TheMovieDB-MVVM";
			sourceTree = "<group>";
		};
		22A865706A975301B0E76F06 /* BasicUsage */ = {
			isa = PBXGroup;
			children = (
				C56139636BCE9E6B7A5A1CF0 /* APIRequestPage.swift */,
				5EE16AC7E6A5C62C32868DDE /* App.swift */,
				94D8757F265C5526C297EFDB /* CounterPage.swift */,
				D069A011D27489BADCA6B8C6 /* IndexPage.swift */,
				C9F47469489E2AC56001C720 /* Info.plist */,
				8E5AB757E97B27DC9D7A96E5 /* ShowcasePage.swift */,
			);
			path = BasicUsage;
			sourceTree = "<group>";
		};
		39A7B424827F1E8371593245 /* CustomHooks */ = {
			isa = PBXGroup;
			children = (
				5810E9F25406110219E85558 /* UseMovieImage.swift */,
				F6B3D3D179C2DD7456748DBF /* UseTopRatedMoviesViewModel.swift */,
			);
			path = CustomHooks;
			sourceTree = "<group>";
		};
		3FDBCEEB7C4C53F0545FC427 /* Products */ = {
			isa = PBXGroup;
			children = (
				86069121E82E72BAE07609D9 /* BasicUsage.app */,
				2D5F81DFBD08056D0FD7F5BD /* TheMovieDB-MVVM-Tests.xctest */,
				959951B8FA9CB35BA897D008 /* TheMovieDB-MVVM.app */,
				EC5E3D08FA8414516FB398A3 /* Todo-UITests.xctest */,
				A80807CB4E7902470EE2CF4E /* Todo.app */,
			);
			name = Products;
			sourceTree = "<group>";
		};
		602E58297B09F558F092C6E8 /* Todo-UITests */ = {
			isa = PBXGroup;
			children = (
				803EE7E5F67D8627C8A11060 /* Info.plist */,
				03B06DA75E791F7A1E0B6542 /* SimpleUITests.swift */,
			);
			path = "Todo-UITests";
			sourceTree = "<group>";
		};
		75EDD3CCD230721B3E6BAB29 /* Entity */ = {
			isa = PBXGroup;
			children = (
				E1B5863034D96951456EB762 /* Movie.swift */,
				2AE6CAB1515CCDEDECEC3A1E /* NetworkImageSize.swift */,
				8AC5A16C0EDE1832418D3B44 /* PagedResponse.swift */,
			);
			path = Entity;
			sourceTree = "<group>";
		};
		7E899D0C531F0E3FE49D97BB /* Packages */ = {
			isa = PBXGroup;
			children = (
				68BC43055108D13B0F54B8D4 /* swiftui-hooks */,
			);
			name = Packages;
			sourceTree = SOURCE_ROOT;
		};
		8707F115112CEE1DF3CEAD8C /* TheMovieDB-MVVM-Tests */ = {
			isa = PBXGroup;
			children = (
				1AABBBF7596FB58F4051F423 /* Info.plist */,
				895CD000DCB5854C20C39119 /* MovieDBServiceMock.swift */,
				5A76A9D3B40580BCF4FEE209 /* UseMovieImageTests.swift */,
				20A38A9D88C5F0D2B9CCAC13 /* UseTopRatedMoviesViewModelTests.swift */,
			);
			path = "TheMovieDB-MVVM-Tests";
			sourceTree = "<group>";
		};
		AFDB1EA82615CFDF02CE1D4D = {
			isa = PBXGroup;
			children = (
				22A865706A975301B0E76F06 /* BasicUsage */,
				7E899D0C531F0E3FE49D97BB /* Packages */,
				1C54E82AAAA2004F80EE1845 /* TheMovieDB-MVVM */,
				8707F115112CEE1DF3CEAD8C /* TheMovieDB-MVVM-Tests */,
				FF987BC196B244AB30F65F6F /* Todo */,
				602E58297B09F558F092C6E8 /* Todo-UITests */,
				3FDBCEEB7C4C53F0545FC427 /* Products */,
			);
			sourceTree = "<group>";
		};
		FF987BC196B244AB30F65F6F /* Todo */ = {
			isa = PBXGroup;
			children = (
				37A6874F17F70C8E5EDF84F5 /* AppDelegate.swift */,
				5D7A73D3A88005D39142AA01 /* Info.plist */,
				6CD5F67CEEAFE74811B93864 /* SceneDelegate.swift */,
				A01793F321BFB68D18E27818 /* TodoPage.swift */,
			);
			path = Todo;
			sourceTree = "<group>";
		};
/* End PBXGroup section */

/* Begin PBXNativeTarget section */
		1BE56B92EC9A6D5640796206 /* TheMovieDB-MVVM */ = {
			isa = PBXNativeTarget;
			buildConfigurationList = 6594D9139E6B61EC0F266569 /* Build configuration list for PBXNativeTarget "TheMovieDB-MVVM" */;
			buildPhases = (
				DDFC049A46991C77CA4AF828 /* Sources */,
				72D9833593100532CFD53CB4 /* Frameworks */,
			);
			buildRules = (
			);
			dependencies = (
			);
			name = "TheMovieDB-MVVM";
			packageProductDependencies = (
				67B6AA93812DC6CCCF54CE3E /* Hooks */,
			);
			productName = "TheMovieDB-MVVM";
			productReference = 959951B8FA9CB35BA897D008 /* TheMovieDB-MVVM.app */;
			productType = "com.apple.product-type.application";
		};
		25301600C3492D579FE1E91C /* Todo */ = {
			isa = PBXNativeTarget;
			buildConfigurationList = 0895CFF0D18EEAE7764D47DD /* Build configuration list for PBXNativeTarget "Todo" */;
			buildPhases = (
				4626FDCAFF6BE2615E678AEE /* Sources */,
				1831BB6C59E429FB5A0D6A0A /* Frameworks */,
			);
			buildRules = (
			);
			dependencies = (
			);
			name = Todo;
			packageProductDependencies = (
				730FC334EE87751624C20337 /* Hooks */,
			);
			productName = Todo;
			productReference = A80807CB4E7902470EE2CF4E /* Todo.app */;
			productType = "com.apple.product-type.application";
		};
		87A81926411A12A06729F58D /* TheMovieDB-MVVM-Tests */ = {
			isa = PBXNativeTarget;
			buildConfigurationList = D8ADB1CD2EE5DC0E6AB82516 /* Build configuration list for PBXNativeTarget "TheMovieDB-MVVM-Tests" */;
			buildPhases = (
				6A1004ADE6A9C05A6F43712E /* Sources */,
			);
			buildRules = (
			);
			dependencies = (
				524A5DDBB77056CE6C91E913 /* PBXTargetDependency */,
			);
			name = "TheMovieDB-MVVM-Tests";
			productName = "TheMovieDB-MVVM-Tests";
			productReference = 2D5F81DFBD08056D0FD7F5BD /* TheMovieDB-MVVM-Tests.xctest */;
			productType = "com.apple.product-type.bundle.unit-test";
		};
		C9D938E5D4F411CE3B24C601 /* BasicUsage */ = {
			isa = PBXNativeTarget;
			buildConfigurationList = 0A9716A146E910BA8575F090 /* Build configuration list for PBXNativeTarget "BasicUsage" */;
			buildPhases = (
				6D6D1066C5D90E0B935B1B2F /* Sources */,
				6F41F620A6A0667778CD7BD6 /* Frameworks */,
			);
			buildRules = (
			);
			dependencies = (
			);
			name = BasicUsage;
			packageProductDependencies = (
				FD40812DAB4C1F5B720757F7 /* Hooks */,
			);
			productName = BasicUsage;
			productReference = 86069121E82E72BAE07609D9 /* BasicUsage.app */;
			productType = "com.apple.product-type.application";
		};
		EEC38F915B7D99D569F83626 /* Todo-UITests */ = {
			isa = PBXNativeTarget;
			buildConfigurationList = A0E520687A7E899443BD1D7A /* Build configuration list for PBXNativeTarget "Todo-UITests" */;
			buildPhases = (
				79FE86001C96F63157046F01 /* Sources */,
			);
			buildRules = (
			);
			dependencies = (
				8FEC0AC4B0064E95C5B51684 /* PBXTargetDependency */,
			);
			name = "Todo-UITests";
			productName = "Todo-UITests";
			productReference = EC5E3D08FA8414516FB398A3 /* Todo-UITests.xctest */;
			productType = "com.apple.product-type.bundle.ui-testing";
		};
/* End PBXNativeTarget section */

/* Begin PBXProject section */
		604281A06A1DE9F942BCBA73 /* Project object */ = {
			isa = PBXProject;
			attributes = {
				LastUpgradeCheck = 1200;
				TargetAttributes = {
					1BE56B92EC9A6D5640796206 = {
						ProvisioningStyle = Manual;
					};
					25301600C3492D579FE1E91C = {
						ProvisioningStyle = Manual;
					};
					C9D938E5D4F411CE3B24C601 = {
						ProvisioningStyle = Manual;
					};
					EEC38F915B7D99D569F83626 = {
						TestTargetID = 25301600C3492D579FE1E91C;
					};
				};
			};
			buildConfigurationList = 2A75F03E88AFDF6CA6BA2141 /* Build configuration list for PBXProject "Examples" */;
			compatibilityVersion = "Xcode 10.0";
			developmentRegion = en;
			hasScannedForEncodings = 0;
			knownRegions = (
				Base,
				en,
			);
			mainGroup = AFDB1EA82615CFDF02CE1D4D;
			projectDirPath = "";
			projectRoot = "";
			targets = (
				C9D938E5D4F411CE3B24C601 /* BasicUsage */,
				1BE56B92EC9A6D5640796206 /* TheMovieDB-MVVM */,
				87A81926411A12A06729F58D /* TheMovieDB-MVVM-Tests */,
				25301600C3492D579FE1E91C /* Todo */,
				EEC38F915B7D99D569F83626 /* Todo-UITests */,
			);
		};
/* End PBXProject section */

/* Begin PBXSourcesBuildPhase section */
		4626FDCAFF6BE2615E678AEE /* Sources */ = {
			isa = PBXSourcesBuildPhase;
			buildActionMask = 2147483647;
			files = (
				0413865A55A886125F10E54C /* AppDelegate.swift in Sources */,
				43FD37F20C5A05C1144D0B71 /* SceneDelegate.swift in Sources */,
				9A21001120896DD74A77368A /* TodoPage.swift in Sources */,
			);
			runOnlyForDeploymentPostprocessing = 0;
		};
		6A1004ADE6A9C05A6F43712E /* Sources */ = {
			isa = PBXSourcesBuildPhase;
			buildActionMask = 2147483647;
			files = (
				22B1EFFA1478D324171D5E75 /* MovieDBServiceMock.swift in Sources */,
				E404ADC8590A7823470D6488 /* UseMovieImageTests.swift in Sources */,
				5B2A5E7A0AA463A0BF685F71 /* UseTopRatedMoviesViewModelTests.swift in Sources */,
			);
			runOnlyForDeploymentPostprocessing = 0;
		};
		6D6D1066C5D90E0B935B1B2F /* Sources */ = {
			isa = PBXSourcesBuildPhase;
			buildActionMask = 2147483647;
			files = (
				8E4174CA12184B89C04932C3 /* APIRequestPage.swift in Sources */,
				6691B8C3D71144F41A10F4A6 /* App.swift in Sources */,
				C078F002FB29736B800B3774 /* CounterPage.swift in Sources */,
				36B24AEDD5199A51EE335F89 /* IndexPage.swift in Sources */,
				18CA358FABAC2BC661161084 /* ShowcasePage.swift in Sources */,
			);
			runOnlyForDeploymentPostprocessing = 0;
		};
		79FE86001C96F63157046F01 /* Sources */ = {
			isa = PBXSourcesBuildPhase;
			buildActionMask = 2147483647;
			files = (
				DCDC2A61345B88907286B20C /* SimpleUITests.swift in Sources */,
			);
			runOnlyForDeploymentPostprocessing = 0;
		};
		DDFC049A46991C77CA4AF828 /* Sources */ = {
			isa = PBXSourcesBuildPhase;
			buildActionMask = 2147483647;
			files = (
				6DE1299BBC7DD2E116FAE982 /* App.swift in Sources */,
				3E9E4DA44DA2932FF3808619 /* Dependency.swift in Sources */,
				5A4EADB7439DD4B566DBC1FF /* Movie.swift in Sources */,
				2A64A442C817832C7117EB71 /* MovieDBService.swift in Sources */,
				003A77A2E11520F9038CD7E0 /* MovieDetailPage.swift in Sources */,
				2C4C4451732A07DAEFC77B2B /* NetworkImageSize.swift in Sources */,
				2563030F0667D6982675CC0D /* PagedResponse.swift in Sources */,
				6A02D8B46D57AC38182801BD /* TopRatedMoviesPage.swift in Sources */,
				EA448C9AEC5C0557A2D7E5AE /* UseMovieImage.swift in Sources */,
				528D9EB2F42500C40019B919 /* UseTopRatedMoviesViewModel.swift in Sources */,
			);
			runOnlyForDeploymentPostprocessing = 0;
		};
/* End PBXSourcesBuildPhase section */

/* Begin PBXTargetDependency section */
		524A5DDBB77056CE6C91E913 /* PBXTargetDependency */ = {
			isa = PBXTargetDependency;
			target = 1BE56B92EC9A6D5640796206 /* TheMovieDB-MVVM */;
			targetProxy = 4B357514BD0590074B5DD989 /* PBXContainerItemProxy */;
		};
		8FEC0AC4B0064E95C5B51684 /* PBXTargetDependency */ = {
			isa = PBXTargetDependency;
			target = 25301600C3492D579FE1E91C /* Todo */;
			targetProxy = 6923F5616464B67B11D5420D /* PBXContainerItemProxy */;
		};
/* End PBXTargetDependency section */

/* Begin XCBuildConfiguration section */
		0378D4E4F964E0C734F2E043 /* Debug */ = {
			isa = XCBuildConfiguration;
			buildSettings = {
				BUNDLE_LOADER = "$(TEST_HOST)";
				INFOPLIST_FILE = "Todo-UITests/Info.plist";
				IPHONEOS_DEPLOYMENT_TARGET = 13.0;
				LD_RUNPATH_SEARCH_PATHS = (
					"$(inherited)",
					"@executable_path/Frameworks",
					"@loader_path/Frameworks",
				);
				PRODUCT_BUNDLE_IDENTIFIER = "com.ryo.swiftui-hooks-examples.Todo-UITests";
				SDKROOT = iphoneos;
				TARGETED_DEVICE_FAMILY = "1,2";
				TEST_TARGET_NAME = Todo;
			};
			name = Debug;
		};
		069B3BEB5169911F43F16C72 /* Release */ = {
			isa = XCBuildConfiguration;
			buildSettings = {
				ASSETCATALOG_COMPILER_APPICON_NAME = AppIcon;
				CODE_SIGNING_REQUIRED = NO;
				CODE_SIGN_IDENTITY = "";
				CODE_SIGN_STYLE = Manual;
				"EXCLUDED_ARCHS[sdk=appletv*]" = x86_64;
				"EXCLUDED_ARCHS[sdk=appletvsimulator*]" = arm64;
				"EXCLUDED_ARCHS[sdk=iphoneos*]" = x86_64;
				"EXCLUDED_ARCHS[sdk=iphonesimulator*]" = arm64;
				INFOPLIST_FILE = "TheMovieDB-MVVM/Info.plist";
				IPHONEOS_DEPLOYMENT_TARGET = 15.0;
				LD_RUNPATH_SEARCH_PATHS = (
					"$(inherited)",
					"@executable_path/Frameworks",
				);
				PRODUCT_BUNDLE_IDENTIFIER = "com.ryo.swiftui-hooks-examples.TheMovieDB-MVVM";
				SDKROOT = iphoneos;
				SUPPORTED_PLATFORMS = "iphoneos iphonesimulator";
				TARGETED_DEVICE_FAMILY = "1,2";
			};
			name = Release;
		};
		0FABCDD37FE09E33DEF09AD6 /* Release */ = {
			isa = XCBuildConfiguration;
			buildSettings = {
				BUNDLE_LOADER = "$(TEST_HOST)";
				INFOPLIST_FILE = "Todo-UITests/Info.plist";
				IPHONEOS_DEPLOYMENT_TARGET = 13.0;
				LD_RUNPATH_SEARCH_PATHS = (
					"$(inherited)",
					"@executable_path/Frameworks",
					"@loader_path/Frameworks",
				);
				PRODUCT_BUNDLE_IDENTIFIER = "com.ryo.swiftui-hooks-examples.Todo-UITests";
				SDKROOT = iphoneos;
				TARGETED_DEVICE_FAMILY = "1,2";
				TEST_TARGET_NAME = Todo;
			};
			name = Release;
		};
		411D97DEB7A3E977012CCD82 /* Debug */ = {
			isa = XCBuildConfiguration;
			buildSettings = {
				ALWAYS_SEARCH_USER_PATHS = NO;
				CLANG_ANALYZER_NONNULL = YES;
				CLANG_ANALYZER_NUMBER_OBJECT_CONVERSION = YES_AGGRESSIVE;
				CLANG_CXX_LANGUAGE_STANDARD = "gnu++14";
				CLANG_CXX_LIBRARY = "libc++";
				CLANG_ENABLE_MODULES = YES;
				CLANG_ENABLE_OBJC_ARC = YES;
				CLANG_ENABLE_OBJC_WEAK = YES;
				CLANG_WARN_BLOCK_CAPTURE_AUTORELEASING = YES;
				CLANG_WARN_BOOL_CONVERSION = YES;
				CLANG_WARN_COMMA = YES;
				CLANG_WARN_CONSTANT_CONVERSION = YES;
				CLANG_WARN_DEPRECATED_OBJC_IMPLEMENTATIONS = YES;
				CLANG_WARN_DIRECT_OBJC_ISA_USAGE = YES_ERROR;
				CLANG_WARN_DOCUMENTATION_COMMENTS = YES;
				CLANG_WARN_EMPTY_BODY = YES;
				CLANG_WARN_ENUM_CONVERSION = YES;
				CLANG_WARN_INFINITE_RECURSION = YES;
				CLANG_WARN_INT_CONVERSION = YES;
				CLANG_WARN_NON_LITERAL_NULL_CONVERSION = YES;
				CLANG_WARN_OBJC_IMPLICIT_RETAIN_SELF = YES;
				CLANG_WARN_OBJC_LITERAL_CONVERSION = YES;
				CLANG_WARN_OBJC_ROOT_CLASS = YES_ERROR;
				CLANG_WARN_QUOTED_INCLUDE_IN_FRAMEWORK_HEADER = YES;
				CLANG_WARN_RANGE_LOOP_ANALYSIS = YES;
				CLANG_WARN_STRICT_PROTOTYPES = YES;
				CLANG_WARN_SUSPICIOUS_MOVE = YES;
				CLANG_WARN_UNGUARDED_AVAILABILITY = YES_AGGRESSIVE;
				CLANG_WARN_UNREACHABLE_CODE = YES;
				CLANG_WARN__DUPLICATE_METHOD_MATCH = YES;
				COPY_PHASE_STRIP = NO;
				DEBUG_INFORMATION_FORMAT = dwarf;
				ENABLE_STRICT_OBJC_MSGSEND = YES;
				ENABLE_TESTABILITY = YES;
				GCC_C_LANGUAGE_STANDARD = gnu11;
				GCC_DYNAMIC_NO_PIC = NO;
				GCC_NO_COMMON_BLOCKS = YES;
				GCC_OPTIMIZATION_LEVEL = 0;
				GCC_PREPROCESSOR_DEFINITIONS = (
					"$(inherited)",
					"DEBUG=1",
				);
				GCC_WARN_64_TO_32_BIT_CONVERSION = YES;
				GCC_WARN_ABOUT_RETURN_TYPE = YES_ERROR;
				GCC_WARN_UNDECLARED_SELECTOR = YES;
				GCC_WARN_UNINITIALIZED_AUTOS = YES_AGGRESSIVE;
				GCC_WARN_UNUSED_FUNCTION = YES;
				GCC_WARN_UNUSED_VARIABLE = YES;
				MTL_ENABLE_DEBUG_INFO = INCLUDE_SOURCE;
				MTL_FAST_MATH = YES;
				ONLY_ACTIVE_ARCH = YES;
				PRODUCT_NAME = "$(TARGET_NAME)";
				SDKROOT = iphoneos;
				SWIFT_ACTIVE_COMPILATION_CONDITIONS = DEBUG;
				SWIFT_OPTIMIZATION_LEVEL = "-Onone";
				SWIFT_VERSION = 5.0;
			};
			name = Debug;
		};
		66943453F9F7AFF8D4098001 /* Release */ = {
			isa = XCBuildConfiguration;
			buildSettings = {
				BUNDLE_LOADER = "$(TEST_HOST)";
				INFOPLIST_FILE = "TheMovieDB-MVVM-Tests/Info.plist";
				LD_RUNPATH_SEARCH_PATHS = (
					"$(inherited)",
					"@executable_path/Frameworks",
					"@loader_path/Frameworks",
				);
				PRODUCT_BUNDLE_IDENTIFIER = "com.ryo.swiftui-hooks-examples.TheMovieDB-MVVM-Tests";
				SDKROOT = iphoneos;
				TARGETED_DEVICE_FAMILY = "1,2";
				TEST_HOST = "$(BUILT_PRODUCTS_DIR)/TheMovieDB-MVVM.app/TheMovieDB-MVVM";
			};
			name = Release;
		};
		92CD1867E2FB5BCC096E17FA /* Release */ = {
			isa = XCBuildConfiguration;
			buildSettings = {
				ASSETCATALOG_COMPILER_APPICON_NAME = AppIcon;
				CODE_SIGNING_REQUIRED = NO;
				CODE_SIGN_IDENTITY = "";
				CODE_SIGN_STYLE = Manual;
				"EXCLUDED_ARCHS[sdk=appletv*]" = x86_64;
				"EXCLUDED_ARCHS[sdk=appletvsimulator*]" = arm64;
				"EXCLUDED_ARCHS[sdk=iphoneos*]" = x86_64;
				"EXCLUDED_ARCHS[sdk=iphonesimulator*]" = arm64;
				INFOPLIST_FILE = Todo/Info.plist;
				IPHONEOS_DEPLOYMENT_TARGET = 13.0;
				LD_RUNPATH_SEARCH_PATHS = (
					"$(inherited)",
					"@executable_path/Frameworks",
				);
				PRODUCT_BUNDLE_IDENTIFIER = "com.ryo.swiftui-hooks-examples.Todo";
				SDKROOT = iphoneos;
				SUPPORTED_PLATFORMS = "iphoneos iphonesimulator appletvos appletvsimulator";
				TARGETED_DEVICE_FAMILY = "1,2,3";
			};
			name = Release;
		};
		A6455115CFFFBA0D59D3F4DE /* Debug */ = {
			isa = XCBuildConfiguration;
			buildSettings = {
				ASSETCATALOG_COMPILER_APPICON_NAME = AppIcon;
				CODE_SIGNING_REQUIRED = NO;
				CODE_SIGN_IDENTITY = "";
				CODE_SIGN_STYLE = Manual;
				"EXCLUDED_ARCHS[sdk=appletv*]" = x86_64;
				"EXCLUDED_ARCHS[sdk=appletvsimulator*]" = arm64;
				"EXCLUDED_ARCHS[sdk=iphoneos*]" = x86_64;
				"EXCLUDED_ARCHS[sdk=iphonesimulator*]" = arm64;
				INFOPLIST_FILE = "TheMovieDB-MVVM/Info.plist";
				IPHONEOS_DEPLOYMENT_TARGET = 15.0;
				LD_RUNPATH_SEARCH_PATHS = (
					"$(inherited)",
					"@executable_path/Frameworks",
				);
				PRODUCT_BUNDLE_IDENTIFIER = "com.ryo.swiftui-hooks-examples.TheMovieDB-MVVM";
				SDKROOT = iphoneos;
				SUPPORTED_PLATFORMS = "iphoneos iphonesimulator";
				TARGETED_DEVICE_FAMILY = "1,2";
			};
			name = Debug;
		};
		AD707006D9830B8BEBC7F2CC /* Debug */ = {
			isa = XCBuildConfiguration;
			buildSettings = {
				ASSETCATALOG_COMPILER_APPICON_NAME = AppIcon;
				CODE_SIGNING_REQUIRED = NO;
				CODE_SIGN_IDENTITY = "";
				CODE_SIGN_STYLE = Manual;
				"EXCLUDED_ARCHS[sdk=appletv*]" = x86_64;
				"EXCLUDED_ARCHS[sdk=appletvsimulator*]" = arm64;
				"EXCLUDED_ARCHS[sdk=iphoneos*]" = x86_64;
				"EXCLUDED_ARCHS[sdk=iphonesimulator*]" = arm64;
				INFOPLIST_FILE = BasicUsage/Info.plist;
				IPHONEOS_DEPLOYMENT_TARGET = 15.0;
				LD_RUNPATH_SEARCH_PATHS = (
					"$(inherited)",
					"@executable_path/Frameworks",
				);
				PRODUCT_BUNDLE_IDENTIFIER = "com.ryo.swiftui-hooks-examples.BasicUsage";
				SDKROOT = iphoneos;
				SUPPORTED_PLATFORMS = "iphoneos iphonesimulator";
				TARGETED_DEVICE_FAMILY = "1,2";
			};
			name = Debug;
		};
		B235F24EEA3C71C7866FA589 /* Release */ = {
			isa = XCBuildConfiguration;
			buildSettings = {
				ASSETCATALOG_COMPILER_APPICON_NAME = AppIcon;
				CODE_SIGNING_REQUIRED = NO;
				CODE_SIGN_IDENTITY = "";
				CODE_SIGN_STYLE = Manual;
				"EXCLUDED_ARCHS[sdk=appletv*]" = x86_64;
				"EXCLUDED_ARCHS[sdk=appletvsimulator*]" = arm64;
				"EXCLUDED_ARCHS[sdk=iphoneos*]" = x86_64;
				"EXCLUDED_ARCHS[sdk=iphonesimulator*]" = arm64;
				INFOPLIST_FILE = BasicUsage/Info.plist;
				IPHONEOS_DEPLOYMENT_TARGET = 15.0;
				LD_RUNPATH_SEARCH_PATHS = (
					"$(inherited)",
					"@executable_path/Frameworks",
				);
				PRODUCT_BUNDLE_IDENTIFIER = "com.ryo.swiftui-hooks-examples.BasicUsage";
				SDKROOT = iphoneos;
				SUPPORTED_PLATFORMS = "iphoneos iphonesimulator";
				TARGETED_DEVICE_FAMILY = "1,2";
			};
			name = Release;
		};
		D2FCF69D38F0749388CA45CE /* Release */ = {
			isa = XCBuildConfiguration;
			buildSettings = {
				ALWAYS_SEARCH_USER_PATHS = NO;
				CLANG_ANALYZER_NONNULL = YES;
				CLANG_ANALYZER_NUMBER_OBJECT_CONVERSION = YES_AGGRESSIVE;
				CLANG_CXX_LANGUAGE_STANDARD = "gnu++14";
				CLANG_CXX_LIBRARY = "libc++";
				CLANG_ENABLE_MODULES = YES;
				CLANG_ENABLE_OBJC_ARC = YES;
				CLANG_ENABLE_OBJC_WEAK = YES;
				CLANG_WARN_BLOCK_CAPTURE_AUTORELEASING = YES;
				CLANG_WARN_BOOL_CONVERSION = YES;
				CLANG_WARN_COMMA = YES;
				CLANG_WARN_CONSTANT_CONVERSION = YES;
				CLANG_WARN_DEPRECATED_OBJC_IMPLEMENTATIONS = YES;
				CLANG_WARN_DIRECT_OBJC_ISA_USAGE = YES_ERROR;
				CLANG_WARN_DOCUMENTATION_COMMENTS = YES;
				CLANG_WARN_EMPTY_BODY = YES;
				CLANG_WARN_ENUM_CONVERSION = YES;
				CLANG_WARN_INFINITE_RECURSION = YES;
				CLANG_WARN_INT_CONVERSION = YES;
				CLANG_WARN_NON_LITERAL_NULL_CONVERSION = YES;
				CLANG_WARN_OBJC_IMPLICIT_RETAIN_SELF = YES;
				CLANG_WARN_OBJC_LITERAL_CONVERSION = YES;
				CLANG_WARN_OBJC_ROOT_CLASS = YES_ERROR;
				CLANG_WARN_QUOTED_INCLUDE_IN_FRAMEWORK_HEADER = YES;
				CLANG_WARN_RANGE_LOOP_ANALYSIS = YES;
				CLANG_WARN_STRICT_PROTOTYPES = YES;
				CLANG_WARN_SUSPICIOUS_MOVE = YES;
				CLANG_WARN_UNGUARDED_AVAILABILITY = YES_AGGRESSIVE;
				CLANG_WARN_UNREACHABLE_CODE = YES;
				CLANG_WARN__DUPLICATE_METHOD_MATCH = YES;
				COPY_PHASE_STRIP = NO;
				DEBUG_INFORMATION_FORMAT = "dwarf-with-dsym";
				ENABLE_NS_ASSERTIONS = NO;
				ENABLE_STRICT_OBJC_MSGSEND = YES;
				GCC_C_LANGUAGE_STANDARD = gnu11;
				GCC_NO_COMMON_BLOCKS = YES;
				GCC_WARN_64_TO_32_BIT_CONVERSION = YES;
				GCC_WARN_ABOUT_RETURN_TYPE = YES_ERROR;
				GCC_WARN_UNDECLARED_SELECTOR = YES;
				GCC_WARN_UNINITIALIZED_AUTOS = YES_AGGRESSIVE;
				GCC_WARN_UNUSED_FUNCTION = YES;
				GCC_WARN_UNUSED_VARIABLE = YES;
				MTL_ENABLE_DEBUG_INFO = NO;
				MTL_FAST_MATH = YES;
				PRODUCT_NAME = "$(TARGET_NAME)";
				SDKROOT = iphoneos;
				SWIFT_COMPILATION_MODE = wholemodule;
				SWIFT_OPTIMIZATION_LEVEL = "-O";
				SWIFT_VERSION = 5.0;
			};
			name = Release;
		};
		EE651C84D614BCE6D72D911D /* Debug */ = {
			isa = XCBuildConfiguration;
			buildSettings = {
				ASSETCATALOG_COMPILER_APPICON_NAME = AppIcon;
				CODE_SIGNING_REQUIRED = NO;
				CODE_SIGN_IDENTITY = "";
				CODE_SIGN_STYLE = Manual;
				"EXCLUDED_ARCHS[sdk=appletv*]" = x86_64;
				"EXCLUDED_ARCHS[sdk=appletvsimulator*]" = arm64;
				"EXCLUDED_ARCHS[sdk=iphoneos*]" = x86_64;
				"EXCLUDED_ARCHS[sdk=iphonesimulator*]" = arm64;
				INFOPLIST_FILE = Todo/Info.plist;
				IPHONEOS_DEPLOYMENT_TARGET = 13.0;
				LD_RUNPATH_SEARCH_PATHS = (
					"$(inherited)",
					"@executable_path/Frameworks",
				);
				PRODUCT_BUNDLE_IDENTIFIER = "com.ryo.swiftui-hooks-examples.Todo";
				SDKROOT = iphoneos;
				SUPPORTED_PLATFORMS = "iphoneos iphonesimulator appletvos appletvsimulator";
				TARGETED_DEVICE_FAMILY = "1,2,3";
			};
			name = Debug;
		};
		F67903BB2BE48B3E082412E9 /* Debug */ = {
			isa = XCBuildConfiguration;
			buildSettings = {
				BUNDLE_LOADER = "$(TEST_HOST)";
				INFOPLIST_FILE = "TheMovieDB-MVVM-Tests/Info.plist";
				LD_RUNPATH_SEARCH_PATHS = (
					"$(inherited)",
					"@executable_path/Frameworks",
					"@loader_path/Frameworks",
				);
				PRODUCT_BUNDLE_IDENTIFIER = "com.ryo.swiftui-hooks-examples.TheMovieDB-MVVM-Tests";
				SDKROOT = iphoneos;
				TARGETED_DEVICE_FAMILY = "1,2";
				TEST_HOST = "$(BUILT_PRODUCTS_DIR)/TheMovieDB-MVVM.app/TheMovieDB-MVVM";
			};
			name = Debug;
		};
/* End XCBuildConfiguration section */

/* Begin XCConfigurationList section */
		0895CFF0D18EEAE7764D47DD /* Build configuration list for PBXNativeTarget "Todo" */ = {
			isa = XCConfigurationList;
			buildConfigurations = (
				EE651C84D614BCE6D72D911D /* Debug */,
				92CD1867E2FB5BCC096E17FA /* Release */,
			);
			defaultConfigurationIsVisible = 0;
			defaultConfigurationName = Debug;
		};
		0A9716A146E910BA8575F090 /* Build configuration list for PBXNativeTarget "BasicUsage" */ = {
			isa = XCConfigurationList;
			buildConfigurations = (
				AD707006D9830B8BEBC7F2CC /* Debug */,
				B235F24EEA3C71C7866FA589 /* Release */,
			);
			defaultConfigurationIsVisible = 0;
			defaultConfigurationName = Debug;
		};
		2A75F03E88AFDF6CA6BA2141 /* Build configuration list for PBXProject "Examples" */ = {
			isa = XCConfigurationList;
			buildConfigurations = (
				411D97DEB7A3E977012CCD82 /* Debug */,
				D2FCF69D38F0749388CA45CE /* Release */,
			);
			defaultConfigurationIsVisible = 0;
			defaultConfigurationName = Debug;
		};
		6594D9139E6B61EC0F266569 /* Build configuration list for PBXNativeTarget "TheMovieDB-MVVM" */ = {
			isa = XCConfigurationList;
			buildConfigurations = (
				A6455115CFFFBA0D59D3F4DE /* Debug */,
				069B3BEB5169911F43F16C72 /* Release */,
			);
			defaultConfigurationIsVisible = 0;
			defaultConfigurationName = Debug;
		};
		A0E520687A7E899443BD1D7A /* Build configuration list for PBXNativeTarget "Todo-UITests" */ = {
			isa = XCConfigurationList;
			buildConfigurations = (
				0378D4E4F964E0C734F2E043 /* Debug */,
				0FABCDD37FE09E33DEF09AD6 /* Release */,
			);
			defaultConfigurationIsVisible = 0;
			defaultConfigurationName = Debug;
		};
		D8ADB1CD2EE5DC0E6AB82516 /* Build configuration list for PBXNativeTarget "TheMovieDB-MVVM-Tests" */ = {
			isa = XCConfigurationList;
			buildConfigurations = (
				F67903BB2BE48B3E082412E9 /* Debug */,
				66943453F9F7AFF8D4098001 /* Release */,
			);
			defaultConfigurationIsVisible = 0;
			defaultConfigurationName = Debug;
		};
/* End XCConfigurationList section */

/* Begin XCSwiftPackageProductDependency section */
		67B6AA93812DC6CCCF54CE3E /* Hooks */ = {
			isa = XCSwiftPackageProductDependency;
			productName = Hooks;
		};
		730FC334EE87751624C20337 /* Hooks */ = {
			isa = XCSwiftPackageProductDependency;
			productName = Hooks;
		};
		FD40812DAB4C1F5B720757F7 /* Hooks */ = {
			isa = XCSwiftPackageProductDependency;
			productName = Hooks;
		};
/* End XCSwiftPackageProductDependency section */
	};
	rootObject = 604281A06A1DE9F942BCBA73 /* Project object */;
}
