// !$*UTF8*$!
{
	archiveVersion = 1;
	classes = {
	};
	objectVersion = 51;
	objects = {

/* Begin PBXBuildFile section */
		0CF4CCE8550B8551DA357BDA /* UseState.swift in Sources */ = {isa = PBXBuildFile; fileRef = AD40D71C1D566B65CDEA1586 /* UseState.swift */; };
		149156A80B3CDC4C8428E61A /* Hook.swift in Sources */ = {isa = PBXBuildFile; fileRef = EE3E634FB167C4FDF845E89F /* Hook.swift */; };
		1B382EF6F8A7C900F66E393B /* ReducerHookTests.swift in Sources */ = {isa = PBXBuildFile; fileRef = D986CCC94F9AB02BA26F2115 /* ReducerHookTests.swift */; };
		1BB7931700EAC549327EA29A /* RefObjectTests.swift in Sources */ = {isa = PBXBuildFile; fileRef = 28698CF20D8913363C88E89A /* RefObjectTests.swift */; };
		1D475255C3FFF09E3C149E24 /* PublisherSubscribeTests.swift in Sources */ = {isa = PBXBuildFile; fileRef = C11E72A6A91A637AF3E0D17D /* PublisherSubscribeTests.swift */; };
		225703E682102EB6FA43D01A /* AppDelegate.swift in Sources */ = {isa = PBXBuildFile; fileRef = AF72C617DD1EFA8E773C9933 /* AppDelegate.swift */; };
		2CEA24339B3F42A4CFF86841 /* UseReducer.swift in Sources */ = {isa = PBXBuildFile; fileRef = 1E41F26D994357565AA99982 /* UseReducer.swift */; };
		2E853BB425DB2EA70FAFDC91 /* SceneDelegate.swift in Sources */ = {isa = PBXBuildFile; fileRef = 57FEF1E623FB1A99A8CE2C52 /* SceneDelegate.swift */; };
		2F0F93ADF2C561F1AB43C172 /* HookTests.swift in Sources */ = {isa = PBXBuildFile; fileRef = EE554373C87B3EBF853656AE /* HookTests.swift */; };
		430A12A2342F769095DD0472 /* UsePublisherSubscribe.swift in Sources */ = {isa = PBXBuildFile; fileRef = 23E448CD02D18EDF5EE5E431 /* UsePublisherSubscribe.swift */; };
		434F26EDC7E08A8D4DD95BDD /* StateHookTests.swift in Sources */ = {isa = PBXBuildFile; fileRef = 5890D260F408A3F35736A1B7 /* StateHookTests.swift */; };
		45D0F926D4945C9F2FD25DFC /* Hooks.framework in Embed Frameworks */ = {isa = PBXBuildFile; fileRef = B0BE1A622B9E20FEDCF8AF1B /* Hooks.framework */; settings = {ATTRIBUTES = (CodeSignOnCopy, RemoveHeadersOnCopy, ); }; };
		472084B7DB5B6E97C342E87F /* UseLayoutEffect.swift in Sources */ = {isa = PBXBuildFile; fileRef = 1362C44D7A5B7E4533EEB1BE /* UseLayoutEffect.swift */; };
		472C50EE011877E940DB1B7F /* EnvironmentHookTests.swift in Sources */ = {isa = PBXBuildFile; fileRef = 638ABDB03E9CFC41C5B8EF5D /* EnvironmentHookTests.swift */; };
		4B193B5252668FF0DA3A9445 /* App.swift in Sources */ = {isa = PBXBuildFile; fileRef = 7B3932B639A8C64AE3DE76F9 /* App.swift */; };
		4B7B72171F65D7856323F171 /* APIRequestPage.swift in Sources */ = {isa = PBXBuildFile; fileRef = 986C176942F69A9116F0ECAA /* APIRequestPage.swift */; };
		52A4A45653CCCE9CEB71DF87 /* UseMemo.swift in Sources */ = {isa = PBXBuildFile; fileRef = 8737E81665722CF51F32A21B /* UseMemo.swift */; };
		55A6953CB64F43219EF93958 /* UseEffect.swift in Sources */ = {isa = PBXBuildFile; fileRef = 0020121CF653D18FB163AE50 /* UseEffect.swift */; };
		57158EEB3B806F35EE3E7C8B /* UseRef.swift in Sources */ = {isa = PBXBuildFile; fileRef = 355131ED47055F17E787A834 /* UseRef.swift */; };
		58B0596534F37FF0EEFD7519 /* Context.swift in Sources */ = {isa = PBXBuildFile; fileRef = FD455647B8FD694E126BE989 /* Context.swift */; };
		6AD8B0883629827B0AD04EA6 /* Consumer.swift in Sources */ = {isa = PBXBuildFile; fileRef = 89F646218AD464F8C99C95C7 /* Consumer.swift */; };
		72C7E4C28F7A87935C4D8B39 /* CounterPage.swift in Sources */ = {isa = PBXBuildFile; fileRef = 54B4806CF353AF92A603501A /* CounterPage.swift */; };
		74F5663532C20B633D1CF08A /* HookDispatcher.swift in Sources */ = {isa = PBXBuildFile; fileRef = 96D38137237C7FCA58F79237 /* HookDispatcher.swift */; };
		77772076CB994B4666D80E90 /* ContextHookTests.swift in Sources */ = {isa = PBXBuildFile; fileRef = AD2DA9970A4C67DFEA1971E5 /* ContextHookTests.swift */; };
		804D22F521AE04324D8D53A6 /* HookComputation.swift in Sources */ = {isa = PBXBuildFile; fileRef = 39542BE05110A3F8556E59DC /* HookComputation.swift */; };
		8129EE1B459442C7E52CC175 /* Assertions.swift in Sources */ = {isa = PBXBuildFile; fileRef = 877C88EFB4FA71A8A1B418F9 /* Assertions.swift */; };
		8586DF0A10ED514A6713644D /* HookCoordinator.swift in Sources */ = {isa = PBXBuildFile; fileRef = DB842CCBBC5FCDC50B8A1B67 /* HookCoordinator.swift */; };
		8E4F0E21ACCD971F96BE9354 /* LinkedListTests.swift in Sources */ = {isa = PBXBuildFile; fileRef = 5E441259620683DA55E3C5FC /* LinkedListTests.swift */; };
		8F8C80AEBEAEE0AB6DE68ACA /* UsePublisher.swift in Sources */ = {isa = PBXBuildFile; fileRef = F9D3AC7B5A6545FA50743EB3 /* UsePublisher.swift */; };
		96C6BD504F07B49653C89E5F /* UseContext.swift in Sources */ = {isa = PBXBuildFile; fileRef = 1E6FB5498BCA211AA8D95310 /* UseContext.swift */; };
		970A8AD88266791CED43D6BD /* WithTemporaryHookScopeTests.swift in Sources */ = {isa = PBXBuildFile; fileRef = B65D363DE233CD9012F55BE6 /* WithTemporaryHookScopeTests.swift */; };
		97521AB893DD1F141DD89A2C /* HookComputationTests.swift in Sources */ = {isa = PBXBuildFile; fileRef = 9F74D3EADFA7D970239BE181 /* HookComputationTests.swift */; };
		A1D34D4EAE64F04D4CC4A23E /* Hooks.framework in Embed Frameworks */ = {isa = PBXBuildFile; fileRef = B0BE1A622B9E20FEDCF8AF1B /* Hooks.framework */; settings = {ATTRIBUTES = (CodeSignOnCopy, RemoveHeadersOnCopy, ); }; };
		A3B5F974A70A4C3662F27F4F /* Hooks.framework in Frameworks */ = {isa = PBXBuildFile; fileRef = B0BE1A622B9E20FEDCF8AF1B /* Hooks.framework */; };
		A6A391761D87F48921E62FD6 /* Hooks.framework in Embed Frameworks */ = {isa = PBXBuildFile; fileRef = B0BE1A622B9E20FEDCF8AF1B /* Hooks.framework */; settings = {ATTRIBUTES = (CodeSignOnCopy, RemoveHeadersOnCopy, ); }; };
		AF51FA7306A0473500AA32C1 /* LinkedList.swift in Sources */ = {isa = PBXBuildFile; fileRef = 29923A166A0B60791D1760CF /* LinkedList.swift */; };
		AF6D0430FCF0744C88C79C4F /* TemporaryHookScope.swift in Sources */ = {isa = PBXBuildFile; fileRef = 3C6087AA27AB36DB7EBAACC9 /* TemporaryHookScope.swift */; };
		B22DBBCA3C06858F8E255BF0 /* IndexPage.swift in Sources */ = {isa = PBXBuildFile; fileRef = CDDAFB6237AEFD41384456CA /* IndexPage.swift */; };
		B6B5DF9A7F71119557859B26 /* PublisherHookTests.swift in Sources */ = {isa = PBXBuildFile; fileRef = 2AC77ECB2DF8309A5B703DB9 /* PublisherHookTests.swift */; };
		BD82005AC0F55D32E4EE0AE7 /* HookDispatcherTests.swift in Sources */ = {isa = PBXBuildFile; fileRef = AB4A6ACBA9D9E1252D922783 /* HookDispatcherTests.swift */; };
		C2FF696CCF957408F2DC56F1 /* AsyncStatus.swift in Sources */ = {isa = PBXBuildFile; fileRef = 6DEAE73EDCFDEF3D47F39B7F /* AsyncStatus.swift */; };
		C3E767D0B359B6B2FCE86369 /* RefObject.swift in Sources */ = {isa = PBXBuildFile; fileRef = 472B32D01B61A659B3B97BB0 /* RefObject.swift */; };
		C4E3BF1D5715CDA566B341A9 /* MemoHookTests.swift in Sources */ = {isa = PBXBuildFile; fileRef = 0842660A72E53D73F87390DF /* MemoHookTests.swift */; };
		C649A0196EAEF2A5E529F9A1 /* AsyncStatusTests.swift in Sources */ = {isa = PBXBuildFile; fileRef = D34675F57A184D14815E6A16 /* AsyncStatusTests.swift */; };
		CC34FBE93AD4DE327E6CD62A /* EffectHookTests.swift in Sources */ = {isa = PBXBuildFile; fileRef = 963265F7AAB3777CFD303559 /* EffectHookTests.swift */; };
		CCD0468B03AFC07E17D1AC60 /* Hooks.framework in Frameworks */ = {isa = PBXBuildFile; fileRef = B0BE1A622B9E20FEDCF8AF1B /* Hooks.framework */; };
		CF79353EB61BD1B21DA99FDE /* Hooks.framework in Frameworks */ = {isa = PBXBuildFile; fileRef = B0BE1A622B9E20FEDCF8AF1B /* Hooks.framework */; };
		CF8E4304960760CB76B7F08C /* HookListPage.swift in Sources */ = {isa = PBXBuildFile; fileRef = 7E332835B99E560D7B0E5851 /* HookListPage.swift */; };
		DD0866CE3B06B850D6D69EF8 /* HookView.swift in Sources */ = {isa = PBXBuildFile; fileRef = 5B33B0055335379BD56B2055 /* HookView.swift */; };
		E011DFE0966C85AF551E88EB /* RefHookTests.swift in Sources */ = {isa = PBXBuildFile; fileRef = 5D9B6E222FE8D51B40E3213C /* RefHookTests.swift */; };
		E3DFECE7242B05F649E64B0C /* Provider.swift in Sources */ = {isa = PBXBuildFile; fileRef = 0394EFB241002229766271A3 /* Provider.swift */; };
		E75B973D3F35A4DE7998C4A9 /* TodoPage.swift in Sources */ = {isa = PBXBuildFile; fileRef = DBC61E35CDD7786FD4D6EA31 /* TodoPage.swift */; };
		FAAC96B396867EF9CBD41738 /* UseEnvironment.swift in Sources */ = {isa = PBXBuildFile; fileRef = 69F611A657F17B2D69B02BB4 /* UseEnvironment.swift */; };
		FE0DD8C3D96AE67BFB7AB4BC /* HookScope.swift in Sources */ = {isa = PBXBuildFile; fileRef = 0FC26510F797F6453C1E7052 /* HookScope.swift */; };
/* End PBXBuildFile section */

/* Begin PBXContainerItemProxy section */
		3DF8B6166FAA338F44DCE2D3 /* PBXContainerItemProxy */ = {
			isa = PBXContainerItemProxy;
			containerPortal = 5CC9378F7C623683E69E543B /* Project object */;
			proxyType = 1;
			remoteGlobalIDString = D83E4B24601E3A5601CAB984;
			remoteInfo = Hooks;
		};
		8233511FE2142A7C09A6F33C /* PBXContainerItemProxy */ = {
			isa = PBXContainerItemProxy;
			containerPortal = 5CC9378F7C623683E69E543B /* Project object */;
			proxyType = 1;
			remoteGlobalIDString = D83E4B24601E3A5601CAB984;
			remoteInfo = Hooks;
		};
		FA0E9BF0EEF13315FF835967 /* PBXContainerItemProxy */ = {
			isa = PBXContainerItemProxy;
			containerPortal = 5CC9378F7C623683E69E543B /* Project object */;
			proxyType = 1;
			remoteGlobalIDString = D83E4B24601E3A5601CAB984;
			remoteInfo = Hooks;
		};
/* End PBXContainerItemProxy section */

/* Begin PBXCopyFilesBuildPhase section */
		51D76CF40F21A1F36856D198 /* Embed Frameworks */ = {
			isa = PBXCopyFilesBuildPhase;
			buildActionMask = 2147483647;
			dstPath = "";
			dstSubfolderSpec = 10;
			files = (
				A6A391761D87F48921E62FD6 /* Hooks.framework in Embed Frameworks */,
			);
			name = "Embed Frameworks";
			runOnlyForDeploymentPostprocessing = 0;
		};
		9A762C7450F931E45216E128 /* Embed Frameworks */ = {
			isa = PBXCopyFilesBuildPhase;
			buildActionMask = 2147483647;
			dstPath = "";
			dstSubfolderSpec = 10;
			files = (
				A1D34D4EAE64F04D4CC4A23E /* Hooks.framework in Embed Frameworks */,
			);
			name = "Embed Frameworks";
			runOnlyForDeploymentPostprocessing = 0;
		};
		C12A1BDC6F07404BF266ABB0 /* Embed Frameworks */ = {
			isa = PBXCopyFilesBuildPhase;
			buildActionMask = 2147483647;
			dstPath = "";
			dstSubfolderSpec = 10;
			files = (
				45D0F926D4945C9F2FD25DFC /* Hooks.framework in Embed Frameworks */,
			);
			name = "Embed Frameworks";
			runOnlyForDeploymentPostprocessing = 0;
		};
/* End PBXCopyFilesBuildPhase section */

/* Begin PBXFileReference section */
		0020121CF653D18FB163AE50 /* UseEffect.swift */ = {isa = PBXFileReference; lastKnownFileType = sourcecode.swift; path = UseEffect.swift; sourceTree = "<group>"; };
		0394EFB241002229766271A3 /* Provider.swift */ = {isa = PBXFileReference; lastKnownFileType = sourcecode.swift; path = Provider.swift; sourceTree = "<group>"; };
		0652C4BBEE8DAF796C34B24E /* Info.plist */ = {isa = PBXFileReference; lastKnownFileType = text.plist; path = Info.plist; sourceTree = "<group>"; };
		0842660A72E53D73F87390DF /* MemoHookTests.swift */ = {isa = PBXFileReference; lastKnownFileType = sourcecode.swift; path = MemoHookTests.swift; sourceTree = "<group>"; };
		0FC26510F797F6453C1E7052 /* HookScope.swift */ = {isa = PBXFileReference; lastKnownFileType = sourcecode.swift; path = HookScope.swift; sourceTree = "<group>"; };
		1362C44D7A5B7E4533EEB1BE /* UseLayoutEffect.swift */ = {isa = PBXFileReference; lastKnownFileType = sourcecode.swift; path = UseLayoutEffect.swift; sourceTree = "<group>"; };
		1E41F26D994357565AA99982 /* UseReducer.swift */ = {isa = PBXFileReference; lastKnownFileType = sourcecode.swift; path = UseReducer.swift; sourceTree = "<group>"; };
		1E6FB5498BCA211AA8D95310 /* UseContext.swift */ = {isa = PBXFileReference; lastKnownFileType = sourcecode.swift; path = UseContext.swift; sourceTree = "<group>"; };
		23E448CD02D18EDF5EE5E431 /* UsePublisherSubscribe.swift */ = {isa = PBXFileReference; lastKnownFileType = sourcecode.swift; path = UsePublisherSubscribe.swift; sourceTree = "<group>"; };
		28698CF20D8913363C88E89A /* RefObjectTests.swift */ = {isa = PBXFileReference; lastKnownFileType = sourcecode.swift; path = RefObjectTests.swift; sourceTree = "<group>"; };
		29923A166A0B60791D1760CF /* LinkedList.swift */ = {isa = PBXFileReference; lastKnownFileType = sourcecode.swift; path = LinkedList.swift; sourceTree = "<group>"; };
		2AC77ECB2DF8309A5B703DB9 /* PublisherHookTests.swift */ = {isa = PBXFileReference; lastKnownFileType = sourcecode.swift; path = PublisherHookTests.swift; sourceTree = "<group>"; };
		35024678C8D1F9540660D38C /* LegacyExample.app */ = {isa = PBXFileReference; includeInIndex = 0; lastKnownFileType = wrapper.application; path = LegacyExample.app; sourceTree = BUILT_PRODUCTS_DIR; };
		355131ED47055F17E787A834 /* UseRef.swift */ = {isa = PBXFileReference; lastKnownFileType = sourcecode.swift; path = UseRef.swift; sourceTree = "<group>"; };
		39542BE05110A3F8556E59DC /* HookComputation.swift */ = {isa = PBXFileReference; lastKnownFileType = sourcecode.swift; path = HookComputation.swift; sourceTree = "<group>"; };
		3C6087AA27AB36DB7EBAACC9 /* TemporaryHookScope.swift */ = {isa = PBXFileReference; lastKnownFileType = sourcecode.swift; path = TemporaryHookScope.swift; sourceTree = "<group>"; };
		472B32D01B61A659B3B97BB0 /* RefObject.swift */ = {isa = PBXFileReference; lastKnownFileType = sourcecode.swift; path = RefObject.swift; sourceTree = "<group>"; };
		4AF068A0A9461362980C46E9 /* BasicExample.app */ = {isa = PBXFileReference; includeInIndex = 0; lastKnownFileType = wrapper.application; path = BasicExample.app; sourceTree = BUILT_PRODUCTS_DIR; };
		54B4806CF353AF92A603501A /* CounterPage.swift */ = {isa = PBXFileReference; lastKnownFileType = sourcecode.swift; path = CounterPage.swift; sourceTree = "<group>"; };
		57FEF1E623FB1A99A8CE2C52 /* SceneDelegate.swift */ = {isa = PBXFileReference; lastKnownFileType = sourcecode.swift; path = SceneDelegate.swift; sourceTree = "<group>"; };
		5890D260F408A3F35736A1B7 /* StateHookTests.swift */ = {isa = PBXFileReference; lastKnownFileType = sourcecode.swift; path = StateHookTests.swift; sourceTree = "<group>"; };
		5B33B0055335379BD56B2055 /* HookView.swift */ = {isa = PBXFileReference; lastKnownFileType = sourcecode.swift; path = HookView.swift; sourceTree = "<group>"; };
		5D9B6E222FE8D51B40E3213C /* RefHookTests.swift */ = {isa = PBXFileReference; lastKnownFileType = sourcecode.swift; path = RefHookTests.swift; sourceTree = "<group>"; };
		5E441259620683DA55E3C5FC /* LinkedListTests.swift */ = {isa = PBXFileReference; lastKnownFileType = sourcecode.swift; path = LinkedListTests.swift; sourceTree = "<group>"; };
		638ABDB03E9CFC41C5B8EF5D /* EnvironmentHookTests.swift */ = {isa = PBXFileReference; lastKnownFileType = sourcecode.swift; path = EnvironmentHookTests.swift; sourceTree = "<group>"; };
		69F611A657F17B2D69B02BB4 /* UseEnvironment.swift */ = {isa = PBXFileReference; lastKnownFileType = sourcecode.swift; path = UseEnvironment.swift; sourceTree = "<group>"; };
		6DEAE73EDCFDEF3D47F39B7F /* AsyncStatus.swift */ = {isa = PBXFileReference; lastKnownFileType = sourcecode.swift; path = AsyncStatus.swift; sourceTree = "<group>"; };
		7B3932B639A8C64AE3DE76F9 /* App.swift */ = {isa = PBXFileReference; lastKnownFileType = sourcecode.swift; path = App.swift; sourceTree = "<group>"; };
		7E332835B99E560D7B0E5851 /* HookListPage.swift */ = {isa = PBXFileReference; lastKnownFileType = sourcecode.swift; path = HookListPage.swift; sourceTree = "<group>"; };
		8737E81665722CF51F32A21B /* UseMemo.swift */ = {isa = PBXFileReference; lastKnownFileType = sourcecode.swift; path = UseMemo.swift; sourceTree = "<group>"; };
		877C88EFB4FA71A8A1B418F9 /* Assertions.swift */ = {isa = PBXFileReference; lastKnownFileType = sourcecode.swift; path = Assertions.swift; sourceTree = "<group>"; };
		89F646218AD464F8C99C95C7 /* Consumer.swift */ = {isa = PBXFileReference; lastKnownFileType = sourcecode.swift; path = Consumer.swift; sourceTree = "<group>"; };
		8B99F8269216C0E35F70B7FE /* Example-Basic.xcconfig */ = {isa = PBXFileReference; lastKnownFileType = text.xcconfig; path = "Example-Basic.xcconfig"; sourceTree = "<group>"; };
		944DF2993ADCFEDA8896909C /* Hooks.xcconfig */ = {isa = PBXFileReference; lastKnownFileType = text.xcconfig; path = Hooks.xcconfig; sourceTree = "<group>"; };
		963265F7AAB3777CFD303559 /* EffectHookTests.swift */ = {isa = PBXFileReference; lastKnownFileType = sourcecode.swift; path = EffectHookTests.swift; sourceTree = "<group>"; };
		96D38137237C7FCA58F79237 /* HookDispatcher.swift */ = {isa = PBXFileReference; lastKnownFileType = sourcecode.swift; path = HookDispatcher.swift; sourceTree = "<group>"; };
		986C176942F69A9116F0ECAA /* APIRequestPage.swift */ = {isa = PBXFileReference; lastKnownFileType = sourcecode.swift; path = APIRequestPage.swift; sourceTree = "<group>"; };
		98E5BDD40269B9AF9913C1B5 /* Info.plist */ = {isa = PBXFileReference; lastKnownFileType = text.plist; path = Info.plist; sourceTree = "<group>"; };
		9B25106945AD296F7A5E1AF2 /* Info.plist */ = {isa = PBXFileReference; lastKnownFileType = text.plist; path = Info.plist; sourceTree = "<group>"; };
		9F74D3EADFA7D970239BE181 /* HookComputationTests.swift */ = {isa = PBXFileReference; lastKnownFileType = sourcecode.swift; path = HookComputationTests.swift; sourceTree = "<group>"; };
		AB4A6ACBA9D9E1252D922783 /* HookDispatcherTests.swift */ = {isa = PBXFileReference; lastKnownFileType = sourcecode.swift; path = HookDispatcherTests.swift; sourceTree = "<group>"; };
		AD2DA9970A4C67DFEA1971E5 /* ContextHookTests.swift */ = {isa = PBXFileReference; lastKnownFileType = sourcecode.swift; path = ContextHookTests.swift; sourceTree = "<group>"; };
		AD40D71C1D566B65CDEA1586 /* UseState.swift */ = {isa = PBXFileReference; lastKnownFileType = sourcecode.swift; path = UseState.swift; sourceTree = "<group>"; };
		AF72C617DD1EFA8E773C9933 /* AppDelegate.swift */ = {isa = PBXFileReference; lastKnownFileType = sourcecode.swift; path = AppDelegate.swift; sourceTree = "<group>"; };
		B0BE1A622B9E20FEDCF8AF1B /* Hooks.framework */ = {isa = PBXFileReference; explicitFileType = wrapper.framework; includeInIndex = 0; path = Hooks.framework; sourceTree = BUILT_PRODUCTS_DIR; };
		B65D363DE233CD9012F55BE6 /* WithTemporaryHookScopeTests.swift */ = {isa = PBXFileReference; lastKnownFileType = sourcecode.swift; path = WithTemporaryHookScopeTests.swift; sourceTree = "<group>"; };
		BF79181B9FC0A79358C375C9 /* Tests.xctest */ = {isa = PBXFileReference; includeInIndex = 0; lastKnownFileType = wrapper.cfbundle; path = Tests.xctest; sourceTree = BUILT_PRODUCTS_DIR; };
		C11E72A6A91A637AF3E0D17D /* PublisherSubscribeTests.swift */ = {isa = PBXFileReference; lastKnownFileType = sourcecode.swift; path = PublisherSubscribeTests.swift; sourceTree = "<group>"; };
		CDDAFB6237AEFD41384456CA /* IndexPage.swift */ = {isa = PBXFileReference; lastKnownFileType = sourcecode.swift; path = IndexPage.swift; sourceTree = "<group>"; };
		D34675F57A184D14815E6A16 /* AsyncStatusTests.swift */ = {isa = PBXFileReference; lastKnownFileType = sourcecode.swift; path = AsyncStatusTests.swift; sourceTree = "<group>"; };
		D6A784262F2ADFBAFAC38413 /* Example-Legacy.xcconfig */ = {isa = PBXFileReference; lastKnownFileType = text.xcconfig; path = "Example-Legacy.xcconfig"; sourceTree = "<group>"; };
		D986CCC94F9AB02BA26F2115 /* ReducerHookTests.swift */ = {isa = PBXFileReference; lastKnownFileType = sourcecode.swift; path = ReducerHookTests.swift; sourceTree = "<group>"; };
		DB842CCBBC5FCDC50B8A1B67 /* HookCoordinator.swift */ = {isa = PBXFileReference; lastKnownFileType = sourcecode.swift; path = HookCoordinator.swift; sourceTree = "<group>"; };
		DBC61E35CDD7786FD4D6EA31 /* TodoPage.swift */ = {isa = PBXFileReference; lastKnownFileType = sourcecode.swift; path = TodoPage.swift; sourceTree = "<group>"; };
		EE3E634FB167C4FDF845E89F /* Hook.swift */ = {isa = PBXFileReference; lastKnownFileType = sourcecode.swift; path = Hook.swift; sourceTree = "<group>"; };
		EE554373C87B3EBF853656AE /* HookTests.swift */ = {isa = PBXFileReference; lastKnownFileType = sourcecode.swift; path = HookTests.swift; sourceTree = "<group>"; };
		F9D3AC7B5A6545FA50743EB3 /* UsePublisher.swift */ = {isa = PBXFileReference; lastKnownFileType = sourcecode.swift; path = UsePublisher.swift; sourceTree = "<group>"; };
		FD455647B8FD694E126BE989 /* Context.swift */ = {isa = PBXFileReference; lastKnownFileType = sourcecode.swift; path = Context.swift; sourceTree = "<group>"; };
/* End PBXFileReference section */

/* Begin PBXFrameworksBuildPhase section */
		4CA41C9D21D11DA92A1E05AC /* Frameworks */ = {
			isa = PBXFrameworksBuildPhase;
			buildActionMask = 2147483647;
			files = (
				A3B5F974A70A4C3662F27F4F /* Hooks.framework in Frameworks */,
			);
			runOnlyForDeploymentPostprocessing = 0;
		};
		541D58DA94B171DF858ADC69 /* Frameworks */ = {
			isa = PBXFrameworksBuildPhase;
			buildActionMask = 2147483647;
			files = (
				CF79353EB61BD1B21DA99FDE /* Hooks.framework in Frameworks */,
			);
			runOnlyForDeploymentPostprocessing = 0;
		};
		DCF97DACC14269719D868BAA /* Frameworks */ = {
			isa = PBXFrameworksBuildPhase;
			buildActionMask = 2147483647;
			files = (
				CCD0468B03AFC07E17D1AC60 /* Hooks.framework in Frameworks */,
			);
			runOnlyForDeploymentPostprocessing = 0;
		};
/* End PBXFrameworksBuildPhase section */

/* Begin PBXGroup section */
		061841C195829CEAA08F67E5 /* Context */ = {
			isa = PBXGroup;
			children = (
				89F646218AD464F8C99C95C7 /* Consumer.swift */,
				FD455647B8FD694E126BE989 /* Context.swift */,
				0394EFB241002229766271A3 /* Provider.swift */,
			);
			path = Context;
			sourceTree = "<group>";
		};
		0632E29D9E91905187C35412 /* xcconfigs */ = {
			isa = PBXGroup;
			children = (
				8B99F8269216C0E35F70B7FE /* Example-Basic.xcconfig */,
				D6A784262F2ADFBAFAC38413 /* Example-Legacy.xcconfig */,
				944DF2993ADCFEDA8896909C /* Hooks.xcconfig */,
			);
			path = xcconfigs;
			sourceTree = "<group>";
		};
		33B2DC81B6493C0906A1DE07 /* Examples */ = {
			isa = PBXGroup;
			children = (
				B1CA348976C388B382589927 /* Basic */,
				C440BF4184D7E194BCFCF240 /* Legacy */,
			);
			path = Examples;
			sourceTree = "<group>";
		};
		65B243C10C70D3561427D478 /* Products */ = {
			isa = PBXGroup;
			children = (
				4AF068A0A9461362980C46E9 /* BasicExample.app */,
				B0BE1A622B9E20FEDCF8AF1B /* Hooks.framework */,
				35024678C8D1F9540660D38C /* LegacyExample.app */,
				BF79181B9FC0A79358C375C9 /* Tests.xctest */,
			);
			name = Products;
			sourceTree = "<group>";
		};
		803DA01DE2EBBFFAC7FBADF7 /* Internals */ = {
			isa = PBXGroup;
			children = (
				877C88EFB4FA71A8A1B418F9 /* Assertions.swift */,
				96D38137237C7FCA58F79237 /* HookDispatcher.swift */,
				29923A166A0B60791D1760CF /* LinkedList.swift */,
			);
			path = Internals;
			sourceTree = "<group>";
		};
		86E0F567EF9AD87B5FC4727D = {
			isa = PBXGroup;
			children = (
				33B2DC81B6493C0906A1DE07 /* Examples */,
				E82E33C517A090AF5D96DA10 /* Sources */,
				B76D1B3A6AC0A0140947F24F /* Tests */,
				0632E29D9E91905187C35412 /* xcconfigs */,
				65B243C10C70D3561427D478 /* Products */,
			);
			sourceTree = "<group>";
		};
		8B3DFFB4FA97748CDD0319C0 /* Hook */ = {
			isa = PBXGroup;
			children = (
				1E6FB5498BCA211AA8D95310 /* UseContext.swift */,
				0020121CF653D18FB163AE50 /* UseEffect.swift */,
				69F611A657F17B2D69B02BB4 /* UseEnvironment.swift */,
				1362C44D7A5B7E4533EEB1BE /* UseLayoutEffect.swift */,
				8737E81665722CF51F32A21B /* UseMemo.swift */,
				F9D3AC7B5A6545FA50743EB3 /* UsePublisher.swift */,
				23E448CD02D18EDF5EE5E431 /* UsePublisherSubscribe.swift */,
				1E41F26D994357565AA99982 /* UseReducer.swift */,
				355131ED47055F17E787A834 /* UseRef.swift */,
				AD40D71C1D566B65CDEA1586 /* UseState.swift */,
			);
			path = Hook;
			sourceTree = "<group>";
		};
		9FB489CC630E96062B85285C /* Hooks */ = {
			isa = PBXGroup;
			children = (
				AD2DA9970A4C67DFEA1971E5 /* ContextHookTests.swift */,
				963265F7AAB3777CFD303559 /* EffectHookTests.swift */,
				638ABDB03E9CFC41C5B8EF5D /* EnvironmentHookTests.swift */,
				0842660A72E53D73F87390DF /* MemoHookTests.swift */,
				2AC77ECB2DF8309A5B703DB9 /* PublisherHookTests.swift */,
				C11E72A6A91A637AF3E0D17D /* PublisherSubscribeTests.swift */,
				D986CCC94F9AB02BA26F2115 /* ReducerHookTests.swift */,
				5D9B6E222FE8D51B40E3213C /* RefHookTests.swift */,
				5890D260F408A3F35736A1B7 /* StateHookTests.swift */,
			);
			path = Hooks;
			sourceTree = "<group>";
		};
		B1CA348976C388B382589927 /* Basic */ = {
			isa = PBXGroup;
			children = (
				986C176942F69A9116F0ECAA /* APIRequestPage.swift */,
				7B3932B639A8C64AE3DE76F9 /* App.swift */,
				54B4806CF353AF92A603501A /* CounterPage.swift */,
				7E332835B99E560D7B0E5851 /* HookListPage.swift */,
				CDDAFB6237AEFD41384456CA /* IndexPage.swift */,
				9B25106945AD296F7A5E1AF2 /* Info.plist */,
			);
			path = Basic;
			sourceTree = "<group>";
		};
		B76D1B3A6AC0A0140947F24F /* Tests */ = {
			isa = PBXGroup;
			children = (
				D34675F57A184D14815E6A16 /* AsyncStatusTests.swift */,
				9F74D3EADFA7D970239BE181 /* HookComputationTests.swift */,
				AB4A6ACBA9D9E1252D922783 /* HookDispatcherTests.swift */,
				EE554373C87B3EBF853656AE /* HookTests.swift */,
				5E441259620683DA55E3C5FC /* LinkedListTests.swift */,
				28698CF20D8913363C88E89A /* RefObjectTests.swift */,
				B65D363DE233CD9012F55BE6 /* WithTemporaryHookScopeTests.swift */,
				9FB489CC630E96062B85285C /* Hooks */,
			);
			path = Tests;
			sourceTree = "<group>";
		};
		C440BF4184D7E194BCFCF240 /* Legacy */ = {
			isa = PBXGroup;
			children = (
				AF72C617DD1EFA8E773C9933 /* AppDelegate.swift */,
				98E5BDD40269B9AF9913C1B5 /* Info.plist */,
				57FEF1E623FB1A99A8CE2C52 /* SceneDelegate.swift */,
				DBC61E35CDD7786FD4D6EA31 /* TodoPage.swift */,
			);
			path = Legacy;
			sourceTree = "<group>";
		};
		E82E33C517A090AF5D96DA10 /* Sources */ = {
			isa = PBXGroup;
			children = (
				0652C4BBEE8DAF796C34B24E /* Info.plist */,
				EA14B3AB5460985B943E5638 /* Hooks */,
			);
			path = Sources;
			sourceTree = "<group>";
		};
		EA14B3AB5460985B943E5638 /* Hooks */ = {
			isa = PBXGroup;
			children = (
				6DEAE73EDCFDEF3D47F39B7F /* AsyncStatus.swift */,
				EE3E634FB167C4FDF845E89F /* Hook.swift */,
				39542BE05110A3F8556E59DC /* HookComputation.swift */,
				DB842CCBBC5FCDC50B8A1B67 /* HookCoordinator.swift */,
				0FC26510F797F6453C1E7052 /* HookScope.swift */,
				5B33B0055335379BD56B2055 /* HookView.swift */,
				472B32D01B61A659B3B97BB0 /* RefObject.swift */,
				3C6087AA27AB36DB7EBAACC9 /* TemporaryHookScope.swift */,
				061841C195829CEAA08F67E5 /* Context */,
				8B3DFFB4FA97748CDD0319C0 /* Hook */,
				803DA01DE2EBBFFAC7FBADF7 /* Internals */,
			);
			path = Hooks;
			sourceTree = "<group>";
		};
/* End PBXGroup section */

/* Begin PBXNativeTarget section */
		63D7764F9B7E0B7BF4AC1220 /* BasicExample */ = {
			isa = PBXNativeTarget;
			buildConfigurationList = 185A5122992774407EA90560 /* Build configuration list for PBXNativeTarget "BasicExample" */;
			buildPhases = (
				C5B941769E4D906EBD7EC679 /* Sources */,
				541D58DA94B171DF858ADC69 /* Frameworks */,
				C12A1BDC6F07404BF266ABB0 /* Embed Frameworks */,
			);
			buildRules = (
			);
			dependencies = (
				D1C85A941439BD6B34A55B4A /* PBXTargetDependency */,
			);
			name = BasicExample;
			productName = BasicExample;
			productReference = 4AF068A0A9461362980C46E9 /* BasicExample.app */;
			productType = "com.apple.product-type.application";
		};
		83BA09357C2B6BDAB918947A /* LegacyExample */ = {
			isa = PBXNativeTarget;
			buildConfigurationList = D0B266DD7D610E61390633A8 /* Build configuration list for PBXNativeTarget "LegacyExample" */;
			buildPhases = (
				6614199754D59E7C44E4C95E /* Sources */,
				4CA41C9D21D11DA92A1E05AC /* Frameworks */,
				51D76CF40F21A1F36856D198 /* Embed Frameworks */,
			);
			buildRules = (
			);
			dependencies = (
				CEE023D36FBF3AB8EB1C01B3 /* PBXTargetDependency */,
			);
			name = LegacyExample;
			productName = LegacyExample;
			productReference = 35024678C8D1F9540660D38C /* LegacyExample.app */;
			productType = "com.apple.product-type.application";
		};
		D1517981689FB5423C277BB1 /* Tests */ = {
			isa = PBXNativeTarget;
			buildConfigurationList = DD2849462C2574C2995C4F7F /* Build configuration list for PBXNativeTarget "Tests" */;
			buildPhases = (
				EA3BCFC0C2E879A3400E8866 /* Sources */,
				DCF97DACC14269719D868BAA /* Frameworks */,
				9A762C7450F931E45216E128 /* Embed Frameworks */,
			);
			buildRules = (
			);
			dependencies = (
				8862251FA1188ED78918B034 /* PBXTargetDependency */,
			);
			name = Tests;
			productName = Tests;
			productReference = BF79181B9FC0A79358C375C9 /* Tests.xctest */;
			productType = "com.apple.product-type.bundle.unit-test";
		};
		D83E4B24601E3A5601CAB984 /* Hooks */ = {
			isa = PBXNativeTarget;
			buildConfigurationList = 63A3F792BC3C5901267A5DC4 /* Build configuration list for PBXNativeTarget "Hooks" */;
			buildPhases = (
				5044B388203AA01FC3627F6A /* Sources */,
			);
			buildRules = (
			);
			dependencies = (
			);
			name = Hooks;
			productName = Hooks;
			productReference = B0BE1A622B9E20FEDCF8AF1B /* Hooks.framework */;
			productType = "com.apple.product-type.framework";
		};
/* End PBXNativeTarget section */

/* Begin PBXProject section */
		5CC9378F7C623683E69E543B /* Project object */ = {
			isa = PBXProject;
			attributes = {
				LastUpgradeCheck = 1200;
				TargetAttributes = {
					63D7764F9B7E0B7BF4AC1220 = {
						ProvisioningStyle = Manual;
					};
					83BA09357C2B6BDAB918947A = {
						ProvisioningStyle = Manual;
					};
					D1517981689FB5423C277BB1 = {
						ProvisioningStyle = Manual;
					};
					D83E4B24601E3A5601CAB984 = {
						ProvisioningStyle = Manual;
					};
				};
			};
			buildConfigurationList = 901B546FCD79330793B25889 /* Build configuration list for PBXProject "SwiftUI-Hooks" */;
			compatibilityVersion = "Xcode 10.0";
			developmentRegion = en;
			hasScannedForEncodings = 0;
			knownRegions = (
				Base,
				en,
			);
			mainGroup = 86E0F567EF9AD87B5FC4727D;
			projectDirPath = "";
			projectRoot = "";
			targets = (
				63D7764F9B7E0B7BF4AC1220 /* BasicExample */,
				D83E4B24601E3A5601CAB984 /* Hooks */,
				83BA09357C2B6BDAB918947A /* LegacyExample */,
				D1517981689FB5423C277BB1 /* Tests */,
			);
		};
/* End PBXProject section */

/* Begin PBXSourcesBuildPhase section */
		5044B388203AA01FC3627F6A /* Sources */ = {
			isa = PBXSourcesBuildPhase;
			buildActionMask = 2147483647;
			files = (
				8129EE1B459442C7E52CC175 /* Assertions.swift in Sources */,
				C2FF696CCF957408F2DC56F1 /* AsyncStatus.swift in Sources */,
				6AD8B0883629827B0AD04EA6 /* Consumer.swift in Sources */,
				58B0596534F37FF0EEFD7519 /* Context.swift in Sources */,
				149156A80B3CDC4C8428E61A /* Hook.swift in Sources */,
				804D22F521AE04324D8D53A6 /* HookComputation.swift in Sources */,
				8586DF0A10ED514A6713644D /* HookCoordinator.swift in Sources */,
				74F5663532C20B633D1CF08A /* HookDispatcher.swift in Sources */,
				FE0DD8C3D96AE67BFB7AB4BC /* HookScope.swift in Sources */,
				DD0866CE3B06B850D6D69EF8 /* HookView.swift in Sources */,
				AF51FA7306A0473500AA32C1 /* LinkedList.swift in Sources */,
				E3DFECE7242B05F649E64B0C /* Provider.swift in Sources */,
				C3E767D0B359B6B2FCE86369 /* RefObject.swift in Sources */,
				AF6D0430FCF0744C88C79C4F /* TemporaryHookScope.swift in Sources */,
				96C6BD504F07B49653C89E5F /* UseContext.swift in Sources */,
				55A6953CB64F43219EF93958 /* UseEffect.swift in Sources */,
				FAAC96B396867EF9CBD41738 /* UseEnvironment.swift in Sources */,
				472084B7DB5B6E97C342E87F /* UseLayoutEffect.swift in Sources */,
				52A4A45653CCCE9CEB71DF87 /* UseMemo.swift in Sources */,
				8F8C80AEBEAEE0AB6DE68ACA /* UsePublisher.swift in Sources */,
				430A12A2342F769095DD0472 /* UsePublisherSubscribe.swift in Sources */,
				2CEA24339B3F42A4CFF86841 /* UseReducer.swift in Sources */,
				57158EEB3B806F35EE3E7C8B /* UseRef.swift in Sources */,
				0CF4CCE8550B8551DA357BDA /* UseState.swift in Sources */,
			);
			runOnlyForDeploymentPostprocessing = 0;
		};
		6614199754D59E7C44E4C95E /* Sources */ = {
			isa = PBXSourcesBuildPhase;
			buildActionMask = 2147483647;
			files = (
				225703E682102EB6FA43D01A /* AppDelegate.swift in Sources */,
				2E853BB425DB2EA70FAFDC91 /* SceneDelegate.swift in Sources */,
				E75B973D3F35A4DE7998C4A9 /* TodoPage.swift in Sources */,
			);
			runOnlyForDeploymentPostprocessing = 0;
		};
		C5B941769E4D906EBD7EC679 /* Sources */ = {
			isa = PBXSourcesBuildPhase;
			buildActionMask = 2147483647;
			files = (
				4B7B72171F65D7856323F171 /* APIRequestPage.swift in Sources */,
				4B193B5252668FF0DA3A9445 /* App.swift in Sources */,
				72C7E4C28F7A87935C4D8B39 /* CounterPage.swift in Sources */,
				CF8E4304960760CB76B7F08C /* HookListPage.swift in Sources */,
				B22DBBCA3C06858F8E255BF0 /* IndexPage.swift in Sources */,
			);
			runOnlyForDeploymentPostprocessing = 0;
		};
		EA3BCFC0C2E879A3400E8866 /* Sources */ = {
			isa = PBXSourcesBuildPhase;
			buildActionMask = 2147483647;
			files = (
				C649A0196EAEF2A5E529F9A1 /* AsyncStatusTests.swift in Sources */,
				77772076CB994B4666D80E90 /* ContextHookTests.swift in Sources */,
				CC34FBE93AD4DE327E6CD62A /* EffectHookTests.swift in Sources */,
				472C50EE011877E940DB1B7F /* EnvironmentHookTests.swift in Sources */,
				97521AB893DD1F141DD89A2C /* HookComputationTests.swift in Sources */,
				BD82005AC0F55D32E4EE0AE7 /* HookDispatcherTests.swift in Sources */,
				2F0F93ADF2C561F1AB43C172 /* HookTests.swift in Sources */,
				8E4F0E21ACCD971F96BE9354 /* LinkedListTests.swift in Sources */,
				C4E3BF1D5715CDA566B341A9 /* MemoHookTests.swift in Sources */,
				B6B5DF9A7F71119557859B26 /* PublisherHookTests.swift in Sources */,
				1D475255C3FFF09E3C149E24 /* PublisherSubscribeTests.swift in Sources */,
				1B382EF6F8A7C900F66E393B /* ReducerHookTests.swift in Sources */,
				E011DFE0966C85AF551E88EB /* RefHookTests.swift in Sources */,
				1BB7931700EAC549327EA29A /* RefObjectTests.swift in Sources */,
				434F26EDC7E08A8D4DD95BDD /* StateHookTests.swift in Sources */,
				970A8AD88266791CED43D6BD /* WithTemporaryHookScopeTests.swift in Sources */,
			);
			runOnlyForDeploymentPostprocessing = 0;
		};
/* End PBXSourcesBuildPhase section */

/* Begin PBXTargetDependency section */
		8862251FA1188ED78918B034 /* PBXTargetDependency */ = {
			isa = PBXTargetDependency;
			target = D83E4B24601E3A5601CAB984 /* Hooks */;
			targetProxy = 8233511FE2142A7C09A6F33C /* PBXContainerItemProxy */;
		};
		CEE023D36FBF3AB8EB1C01B3 /* PBXTargetDependency */ = {
			isa = PBXTargetDependency;
			target = D83E4B24601E3A5601CAB984 /* Hooks */;
			targetProxy = 3DF8B6166FAA338F44DCE2D3 /* PBXContainerItemProxy */;
		};
		D1C85A941439BD6B34A55B4A /* PBXTargetDependency */ = {
			isa = PBXTargetDependency;
			target = D83E4B24601E3A5601CAB984 /* Hooks */;
			targetProxy = FA0E9BF0EEF13315FF835967 /* PBXContainerItemProxy */;
		};
/* End PBXTargetDependency section */

/* Begin XCBuildConfiguration section */
		139EA5A7CFECE9546AA75537 /* Debug */ = {
			isa = XCBuildConfiguration;
			baseConfigurationReference = D6A784262F2ADFBAFAC38413 /* Example-Legacy.xcconfig */;
			buildSettings = {
				ASSETCATALOG_COMPILER_APPICON_NAME = AppIcon;
				INFOPLIST_FILE = Examples/Legacy/Info.plist;
				LD_RUNPATH_SEARCH_PATHS = (
					"$(inherited)",
					"@executable_path/Frameworks",
				);
				PRODUCT_BUNDLE_IDENTIFIER = "com.ryo.swiftui-hooks.LegacyExample";
				SDKROOT = iphoneos;
			};
			name = Debug;
		};
		2AADE046FE92EEB034F075BC /* Release */ = {
			isa = XCBuildConfiguration;
			buildSettings = {
				ALWAYS_SEARCH_USER_PATHS = NO;
				CLANG_ANALYZER_NONNULL = YES;
				CLANG_ANALYZER_NUMBER_OBJECT_CONVERSION = YES_AGGRESSIVE;
				CLANG_CXX_LANGUAGE_STANDARD = "gnu++14";
				CLANG_CXX_LIBRARY = "libc++";
				CLANG_ENABLE_MODULES = YES;
				CLANG_ENABLE_OBJC_ARC = YES;
				CLANG_ENABLE_OBJC_WEAK = YES;
				CLANG_WARN_BLOCK_CAPTURE_AUTORELEASING = YES;
				CLANG_WARN_BOOL_CONVERSION = YES;
				CLANG_WARN_COMMA = YES;
				CLANG_WARN_CONSTANT_CONVERSION = YES;
				CLANG_WARN_DEPRECATED_OBJC_IMPLEMENTATIONS = YES;
				CLANG_WARN_DIRECT_OBJC_ISA_USAGE = YES_ERROR;
				CLANG_WARN_DOCUMENTATION_COMMENTS = YES;
				CLANG_WARN_EMPTY_BODY = YES;
				CLANG_WARN_ENUM_CONVERSION = YES;
				CLANG_WARN_INFINITE_RECURSION = YES;
				CLANG_WARN_INT_CONVERSION = YES;
				CLANG_WARN_NON_LITERAL_NULL_CONVERSION = YES;
				CLANG_WARN_OBJC_IMPLICIT_RETAIN_SELF = YES;
				CLANG_WARN_OBJC_LITERAL_CONVERSION = YES;
				CLANG_WARN_OBJC_ROOT_CLASS = YES_ERROR;
				CLANG_WARN_QUOTED_INCLUDE_IN_FRAMEWORK_HEADER = YES;
				CLANG_WARN_RANGE_LOOP_ANALYSIS = YES;
				CLANG_WARN_STRICT_PROTOTYPES = YES;
				CLANG_WARN_SUSPICIOUS_MOVE = YES;
				CLANG_WARN_UNGUARDED_AVAILABILITY = YES_AGGRESSIVE;
				CLANG_WARN_UNREACHABLE_CODE = YES;
				CLANG_WARN__DUPLICATE_METHOD_MATCH = YES;
				COPY_PHASE_STRIP = NO;
				DEBUG_INFORMATION_FORMAT = "dwarf-with-dsym";
				ENABLE_NS_ASSERTIONS = NO;
				ENABLE_STRICT_OBJC_MSGSEND = YES;
				GCC_C_LANGUAGE_STANDARD = gnu11;
				GCC_NO_COMMON_BLOCKS = YES;
				GCC_WARN_64_TO_32_BIT_CONVERSION = YES;
				GCC_WARN_ABOUT_RETURN_TYPE = YES_ERROR;
				GCC_WARN_UNDECLARED_SELECTOR = YES;
				GCC_WARN_UNINITIALIZED_AUTOS = YES_AGGRESSIVE;
				GCC_WARN_UNUSED_FUNCTION = YES;
				GCC_WARN_UNUSED_VARIABLE = YES;
				MTL_ENABLE_DEBUG_INFO = NO;
				MTL_FAST_MATH = YES;
				PRODUCT_NAME = "$(TARGET_NAME)";
				SDKROOT = iphoneos;
				SWIFT_COMPILATION_MODE = wholemodule;
				SWIFT_OPTIMIZATION_LEVEL = "-O";
				SWIFT_VERSION = 5.0;
			};
			name = Release;
		};
		3CF37C7CC0C973444A5D2C61 /* Release */ = {
			isa = XCBuildConfiguration;
			baseConfigurationReference = 8B99F8269216C0E35F70B7FE /* Example-Basic.xcconfig */;
			buildSettings = {
				ASSETCATALOG_COMPILER_APPICON_NAME = AppIcon;
				INFOPLIST_FILE = Examples/Basic/Info.plist;
				LD_RUNPATH_SEARCH_PATHS = (
					"$(inherited)",
					"@executable_path/Frameworks",
				);
				PRODUCT_BUNDLE_IDENTIFIER = "com.ryo.swiftui-hooks.BasicExample";
				SDKROOT = iphoneos;
			};
			name = Release;
		};
		46A1A3F5ED7163CC5BEB06A0 /* Release */ = {
			isa = XCBuildConfiguration;
			baseConfigurationReference = D6A784262F2ADFBAFAC38413 /* Example-Legacy.xcconfig */;
			buildSettings = {
				ASSETCATALOG_COMPILER_APPICON_NAME = AppIcon;
				INFOPLIST_FILE = Examples/Legacy/Info.plist;
				LD_RUNPATH_SEARCH_PATHS = (
					"$(inherited)",
					"@executable_path/Frameworks",
				);
				PRODUCT_BUNDLE_IDENTIFIER = "com.ryo.swiftui-hooks.LegacyExample";
				SDKROOT = iphoneos;
			};
			name = Release;
		};
		50F945028ECB374594608054 /* Debug */ = {
			isa = XCBuildConfiguration;
			baseConfigurationReference = 8B99F8269216C0E35F70B7FE /* Example-Basic.xcconfig */;
			buildSettings = {
				ASSETCATALOG_COMPILER_APPICON_NAME = AppIcon;
				INFOPLIST_FILE = Examples/Basic/Info.plist;
				LD_RUNPATH_SEARCH_PATHS = (
					"$(inherited)",
					"@executable_path/Frameworks",
				);
				PRODUCT_BUNDLE_IDENTIFIER = "com.ryo.swiftui-hooks.BasicExample";
				SDKROOT = iphoneos;
			};
			name = Debug;
		};
		66EFC1BDEA1E125C5B7B1CF8 /* Debug */ = {
			isa = XCBuildConfiguration;
			baseConfigurationReference = 944DF2993ADCFEDA8896909C /* Hooks.xcconfig */;
			buildSettings = {
				BUNDLE_LOADER = "$(TEST_HOST)";
				LD_RUNPATH_SEARCH_PATHS = (
					"$(inherited)",
					"@executable_path/Frameworks",
					"@loader_path/Frameworks",
				);
				PRODUCT_BUNDLE_IDENTIFIER = "com.ryo.swiftui-hooks.Tests";
			};
			name = Debug;
		};
		6AB156A91DBADC9431E43F3E /* Debug */ = {
			isa = XCBuildConfiguration;
			baseConfigurationReference = 944DF2993ADCFEDA8896909C /* Hooks.xcconfig */;
			buildSettings = {
				CURRENT_PROJECT_VERSION = 1;
				DEFINES_MODULE = YES;
				DYLIB_COMPATIBILITY_VERSION = 1;
				DYLIB_CURRENT_VERSION = 1;
				DYLIB_INSTALL_NAME_BASE = "@rpath";
				INFOPLIST_FILE = Sources/Info.plist;
				INSTALL_PATH = "$(LOCAL_LIBRARY_DIR)/Frameworks";
				LD_RUNPATH_SEARCH_PATHS = (
					"$(inherited)",
					"@executable_path/Frameworks",
				);
				PRODUCT_BUNDLE_IDENTIFIER = "com.ryo.swiftui-hooks.Hooks";
				SKIP_INSTALL = YES;
				VERSIONING_SYSTEM = "apple-generic";
			};
			name = Debug;
		};
		831F6D31C374901784D98E26 /* Release */ = {
			isa = XCBuildConfiguration;
			baseConfigurationReference = 944DF2993ADCFEDA8896909C /* Hooks.xcconfig */;
			buildSettings = {
				BUNDLE_LOADER = "$(TEST_HOST)";
				LD_RUNPATH_SEARCH_PATHS = (
					"$(inherited)",
					"@executable_path/Frameworks",
					"@loader_path/Frameworks",
				);
				PRODUCT_BUNDLE_IDENTIFIER = "com.ryo.swiftui-hooks.Tests";
			};
			name = Release;
		};
		8832C977D7B2BAF2A62D6F79 /* Debug */ = {
			isa = XCBuildConfiguration;
			buildSettings = {
				ALWAYS_SEARCH_USER_PATHS = NO;
				CLANG_ANALYZER_NONNULL = YES;
				CLANG_ANALYZER_NUMBER_OBJECT_CONVERSION = YES_AGGRESSIVE;
				CLANG_CXX_LANGUAGE_STANDARD = "gnu++14";
				CLANG_CXX_LIBRARY = "libc++";
				CLANG_ENABLE_MODULES = YES;
				CLANG_ENABLE_OBJC_ARC = YES;
				CLANG_ENABLE_OBJC_WEAK = YES;
				CLANG_WARN_BLOCK_CAPTURE_AUTORELEASING = YES;
				CLANG_WARN_BOOL_CONVERSION = YES;
				CLANG_WARN_COMMA = YES;
				CLANG_WARN_CONSTANT_CONVERSION = YES;
				CLANG_WARN_DEPRECATED_OBJC_IMPLEMENTATIONS = YES;
				CLANG_WARN_DIRECT_OBJC_ISA_USAGE = YES_ERROR;
				CLANG_WARN_DOCUMENTATION_COMMENTS = YES;
				CLANG_WARN_EMPTY_BODY = YES;
				CLANG_WARN_ENUM_CONVERSION = YES;
				CLANG_WARN_INFINITE_RECURSION = YES;
				CLANG_WARN_INT_CONVERSION = YES;
				CLANG_WARN_NON_LITERAL_NULL_CONVERSION = YES;
				CLANG_WARN_OBJC_IMPLICIT_RETAIN_SELF = YES;
				CLANG_WARN_OBJC_LITERAL_CONVERSION = YES;
				CLANG_WARN_OBJC_ROOT_CLASS = YES_ERROR;
				CLANG_WARN_QUOTED_INCLUDE_IN_FRAMEWORK_HEADER = YES;
				CLANG_WARN_RANGE_LOOP_ANALYSIS = YES;
				CLANG_WARN_STRICT_PROTOTYPES = YES;
				CLANG_WARN_SUSPICIOUS_MOVE = YES;
				CLANG_WARN_UNGUARDED_AVAILABILITY = YES_AGGRESSIVE;
				CLANG_WARN_UNREACHABLE_CODE = YES;
				CLANG_WARN__DUPLICATE_METHOD_MATCH = YES;
				COPY_PHASE_STRIP = NO;
				DEBUG_INFORMATION_FORMAT = dwarf;
				ENABLE_STRICT_OBJC_MSGSEND = YES;
				ENABLE_TESTABILITY = YES;
				GCC_C_LANGUAGE_STANDARD = gnu11;
				GCC_DYNAMIC_NO_PIC = NO;
				GCC_NO_COMMON_BLOCKS = YES;
				GCC_OPTIMIZATION_LEVEL = 0;
				GCC_PREPROCESSOR_DEFINITIONS = (
					"$(inherited)",
					"DEBUG=1",
				);
				GCC_WARN_64_TO_32_BIT_CONVERSION = YES;
				GCC_WARN_ABOUT_RETURN_TYPE = YES_ERROR;
				GCC_WARN_UNDECLARED_SELECTOR = YES;
				GCC_WARN_UNINITIALIZED_AUTOS = YES_AGGRESSIVE;
				GCC_WARN_UNUSED_FUNCTION = YES;
				GCC_WARN_UNUSED_VARIABLE = YES;
				MTL_ENABLE_DEBUG_INFO = INCLUDE_SOURCE;
				MTL_FAST_MATH = YES;
				ONLY_ACTIVE_ARCH = YES;
				PRODUCT_NAME = "$(TARGET_NAME)";
				SDKROOT = iphoneos;
				SWIFT_ACTIVE_COMPILATION_CONDITIONS = DEBUG;
				SWIFT_OPTIMIZATION_LEVEL = "-Onone";
				SWIFT_VERSION = 5.0;
			};
			name = Debug;
		};
		9D705A13DA5BC2C35357AA19 /* Release */ = {
			isa = XCBuildConfiguration;
			baseConfigurationReference = 944DF2993ADCFEDA8896909C /* Hooks.xcconfig */;
			buildSettings = {
				CURRENT_PROJECT_VERSION = 1;
				DEFINES_MODULE = YES;
				DYLIB_COMPATIBILITY_VERSION = 1;
				DYLIB_CURRENT_VERSION = 1;
				DYLIB_INSTALL_NAME_BASE = "@rpath";
				INFOPLIST_FILE = Sources/Info.plist;
				INSTALL_PATH = "$(LOCAL_LIBRARY_DIR)/Frameworks";
				LD_RUNPATH_SEARCH_PATHS = (
					"$(inherited)",
					"@executable_path/Frameworks",
				);
				PRODUCT_BUNDLE_IDENTIFIER = "com.ryo.swiftui-hooks.Hooks";
				SKIP_INSTALL = YES;
				VERSIONING_SYSTEM = "apple-generic";
			};
			name = Release;
		};
/* End XCBuildConfiguration section */

/* Begin XCConfigurationList section */
		185A5122992774407EA90560 /* Build configuration list for PBXNativeTarget "BasicExample" */ = {
			isa = XCConfigurationList;
			buildConfigurations = (
				50F945028ECB374594608054 /* Debug */,
				3CF37C7CC0C973444A5D2C61 /* Release */,
			);
			defaultConfigurationIsVisible = 0;
			defaultConfigurationName = Debug;
		};
		63A3F792BC3C5901267A5DC4 /* Build configuration list for PBXNativeTarget "Hooks" */ = {
			isa = XCConfigurationList;
			buildConfigurations = (
				6AB156A91DBADC9431E43F3E /* Debug */,
				9D705A13DA5BC2C35357AA19 /* Release */,
			);
			defaultConfigurationIsVisible = 0;
			defaultConfigurationName = Debug;
		};
		901B546FCD79330793B25889 /* Build configuration list for PBXProject "SwiftUI-Hooks" */ = {
			isa = XCConfigurationList;
			buildConfigurations = (
				8832C977D7B2BAF2A62D6F79 /* Debug */,
				2AADE046FE92EEB034F075BC /* Release */,
			);
			defaultConfigurationIsVisible = 0;
			defaultConfigurationName = Debug;
		};
		D0B266DD7D610E61390633A8 /* Build configuration list for PBXNativeTarget "LegacyExample" */ = {
			isa = XCConfigurationList;
			buildConfigurations = (
				139EA5A7CFECE9546AA75537 /* Debug */,
				46A1A3F5ED7163CC5BEB06A0 /* Release */,
			);
			defaultConfigurationIsVisible = 0;
			defaultConfigurationName = Debug;
		};
		DD2849462C2574C2995C4F7F /* Build configuration list for PBXNativeTarget "Tests" */ = {
			isa = XCConfigurationList;
			buildConfigurations = (
				66EFC1BDEA1E125C5B7B1CF8 /* Debug */,
				831F6D31C374901784D98E26 /* Release */,
			);
			defaultConfigurationIsVisible = 0;
			defaultConfigurationName = Debug;
		};
/* End XCConfigurationList section */
	};
	rootObject = 5CC9378F7C623683E69E543B /* Project object */;
}
